// !$*UTF8*$!
{
	archiveVersion = 1;
	classes = {
	};
	objectVersion = 55;
	objects = {

/* Begin PBXBuildFile section */
		A87EC73629CA39FF00075545 /* AppDelegate.swift in Sources */ = {isa = PBXBuildFile; fileRef = A87EC73529CA39FF00075545 /* AppDelegate.swift */; };
		A87EC73829CA39FF00075545 /* SceneDelegate.swift in Sources */ = {isa = PBXBuildFile; fileRef = A87EC73729CA39FF00075545 /* SceneDelegate.swift */; };
		A87EC73A29CA39FF00075545 /* ViewController.swift in Sources */ = {isa = PBXBuildFile; fileRef = A87EC73929CA39FF00075545 /* ViewController.swift */; };
		A87EC73D29CA39FF00075545 /* Main.storyboard in Resources */ = {isa = PBXBuildFile; fileRef = A87EC73B29CA39FF00075545 /* Main.storyboard */; };
		A87EC73F29CA39FF00075545 /* Assets.xcassets in Resources */ = {isa = PBXBuildFile; fileRef = A87EC73E29CA39FF00075545 /* Assets.xcassets */; };
		A87EC74229CA39FF00075545 /* LaunchScreen.storyboard in Resources */ = {isa = PBXBuildFile; fileRef = A87EC74029CA39FF00075545 /* LaunchScreen.storyboard */; };
		A87EC74D29CA39FF00075545 /* Kattamuri_SearchAppTests.swift in Sources */ = {isa = PBXBuildFile; fileRef = A87EC74C29CA39FF00075545 /* Kattamuri_SearchAppTests.swift */; };
		A87EC75729CA39FF00075545 /* Kattamuri_SearchAppUITests.swift in Sources */ = {isa = PBXBuildFile; fileRef = A87EC75629CA39FF00075545 /* Kattamuri_SearchAppUITests.swift */; };
		A87EC75929CA39FF00075545 /* Kattamuri_SearchAppUITestsLaunchTests.swift in Sources */ = {isa = PBXBuildFile; fileRef = A87EC75829CA39FF00075545 /* Kattamuri_SearchAppUITestsLaunchTests.swift */; };
/* End PBXBuildFile section */

/* Begin PBXContainerItemProxy section */
		A87EC74929CA39FF00075545 /* PBXContainerItemProxy */ = {
			isa = PBXContainerItemProxy;
			containerPortal = A87EC72A29CA39FE00075545 /* Project object */;
			proxyType = 1;
			remoteGlobalIDString = A87EC73129CA39FF00075545;
			remoteInfo = Kattamuri_SearchApp;
		};
		A87EC75329CA39FF00075545 /* PBXContainerItemProxy */ = {
			isa = PBXContainerItemProxy;
			containerPortal = A87EC72A29CA39FE00075545 /* Project object */;
			proxyType = 1;
			remoteGlobalIDString = A87EC73129CA39FF00075545;
			remoteInfo = Kattamuri_SearchApp;
		};
/* End PBXContainerItemProxy section */

/* Begin PBXFileReference section */
		A87EC73229CA39FF00075545 /* Kattamuri_SearchApp.app */ = {isa = PBXFileReference; explicitFileType = wrapper.application; includeInIndex = 0; path = Kattamuri_SearchApp.app; sourceTree = BUILT_PRODUCTS_DIR; };
		A87EC73529CA39FF00075545 /* AppDelegate.swift */ = {isa = PBXFileReference; lastKnownFileType = sourcecode.swift; path = AppDelegate.swift; sourceTree = "<group>"; };
		A87EC73729CA39FF00075545 /* SceneDelegate.swift */ = {isa = PBXFileReference; lastKnownFileType = sourcecode.swift; path = SceneDelegate.swift; sourceTree = "<group>"; };
		A87EC73929CA39FF00075545 /* ViewController.swift */ = {isa = PBXFileReference; lastKnownFileType = sourcecode.swift; path = ViewController.swift; sourceTree = "<group>"; };
		A87EC73C29CA39FF00075545 /* Base */ = {isa = PBXFileReference; lastKnownFileType = file.storyboard; name = Base; path = Base.lproj/Main.storyboard; sourceTree = "<group>"; };
		A87EC73E29CA39FF00075545 /* Assets.xcassets */ = {isa = PBXFileReference; lastKnownFileType = folder.assetcatalog; path = Assets.xcassets; sourceTree = "<group>"; };
		A87EC74129CA39FF00075545 /* Base */ = {isa = PBXFileReference; lastKnownFileType = file.storyboard; name = Base; path = Base.lproj/LaunchScreen.storyboard; sourceTree = "<group>"; };
		A87EC74329CA39FF00075545 /* Info.plist */ = {isa = PBXFileReference; lastKnownFileType = text.plist.xml; path = Info.plist; sourceTree = "<group>"; };
		A87EC74829CA39FF00075545 /* Kattamuri_SearchAppTests.xctest */ = {isa = PBXFileReference; explicitFileType = wrapper.cfbundle; includeInIndex = 0; path = Kattamuri_SearchAppTests.xctest; sourceTree = BUILT_PRODUCTS_DIR; };
		A87EC74C29CA39FF00075545 /* Kattamuri_SearchAppTests.swift */ = {isa = PBXFileReference; lastKnownFileType = sourcecode.swift; path = Kattamuri_SearchAppTests.swift; sourceTree = "<group>"; };
		A87EC75229CA39FF00075545 /* Kattamuri_SearchAppUITests.xctest */ = {isa = PBXFileReference; explicitFileType = wrapper.cfbundle; includeInIndex = 0; path = Kattamuri_SearchAppUITests.xctest; sourceTree = BUILT_PRODUCTS_DIR; };
		A87EC75629CA39FF00075545 /* Kattamuri_SearchAppUITests.swift */ = {isa = PBXFileReference; lastKnownFileType = sourcecode.swift; path = Kattamuri_SearchAppUITests.swift; sourceTree = "<group>"; };
		A87EC75829CA39FF00075545 /* Kattamuri_SearchAppUITestsLaunchTests.swift */ = {isa = PBXFileReference; lastKnownFileType = sourcecode.swift; path = Kattamuri_SearchAppUITestsLaunchTests.swift; sourceTree = "<group>"; };
/* End PBXFileReference section */

/* Begin PBXFrameworksBuildPhase section */
		A87EC72F29CA39FF00075545 /* Frameworks */ = {
			isa = PBXFrameworksBuildPhase;
			buildActionMask = 2147483647;
			files = (
			);
			runOnlyForDeploymentPostprocessing = 0;
		};
		A87EC74529CA39FF00075545 /* Frameworks */ = {
			isa = PBXFrameworksBuildPhase;
			buildActionMask = 2147483647;
			files = (
			);
			runOnlyForDeploymentPostprocessing = 0;
		};
		A87EC74F29CA39FF00075545 /* Frameworks */ = {
			isa = PBXFrameworksBuildPhase;
			buildActionMask = 2147483647;
			files = (
			);
			runOnlyForDeploymentPostprocessing = 0;
		};
/* End PBXFrameworksBuildPhase section */

/* Begin PBXGroup section */
		A87EC72929CA39FE00075545 = {
			isa = PBXGroup;
			children = (
				A87EC73429CA39FF00075545 /* Kattamuri_SearchApp */,
				A87EC74B29CA39FF00075545 /* Kattamuri_SearchAppTests */,
				A87EC75529CA39FF00075545 /* Kattamuri_SearchAppUITests */,
				A87EC73329CA39FF00075545 /* Products */,
			);
			sourceTree = "<group>";
		};
		A87EC73329CA39FF00075545 /* Products */ = {
			isa = PBXGroup;
			children = (
				A87EC73229CA39FF00075545 /* Kattamuri_SearchApp.app */,
				A87EC74829CA39FF00075545 /* Kattamuri_SearchAppTests.xctest */,
				A87EC75229CA39FF00075545 /* Kattamuri_SearchAppUITests.xctest */,
			);
			name = Products;
			sourceTree = "<group>";
		};
		A87EC73429CA39FF00075545 /* Kattamuri_SearchApp */ = {
			isa = PBXGroup;
			children = (
				A87EC73529CA39FF00075545 /* AppDelegate.swift */,
				A87EC73729CA39FF00075545 /* SceneDelegate.swift */,
				A87EC73929CA39FF00075545 /* ViewController.swift */,
				A87EC73B29CA39FF00075545 /* Main.storyboard */,
				A87EC73E29CA39FF00075545 /* Assets.xcassets */,
				A87EC74029CA39FF00075545 /* LaunchScreen.storyboard */,
				A87EC74329CA39FF00075545 /* Info.plist */,
			);
			path = Kattamuri_SearchApp;
			sourceTree = "<group>";
		};
		A87EC74B29CA39FF00075545 /* Kattamuri_SearchAppTests */ = {
			isa = PBXGroup;
			children = (
				A87EC74C29CA39FF00075545 /* Kattamuri_SearchAppTests.swift */,
			);
			path = Kattamuri_SearchAppTests;
			sourceTree = "<group>";
		};
		A87EC75529CA39FF00075545 /* Kattamuri_SearchAppUITests */ = {
			isa = PBXGroup;
			children = (
				A87EC75629CA39FF00075545 /* Kattamuri_SearchAppUITests.swift */,
				A87EC75829CA39FF00075545 /* Kattamuri_SearchAppUITestsLaunchTests.swift */,
			);
			path = Kattamuri_SearchAppUITests;
			sourceTree = "<group>";
		};
/* End PBXGroup section */

/* Begin PBXNativeTarget section */
		A87EC73129CA39FF00075545 /* Kattamuri_SearchApp */ = {
			isa = PBXNativeTarget;
			buildConfigurationList = A87EC75C29CA39FF00075545 /* Build configuration list for PBXNativeTarget "Kattamuri_SearchApp" */;
			buildPhases = (
				A87EC72E29CA39FF00075545 /* Sources */,
				A87EC72F29CA39FF00075545 /* Frameworks */,
				A87EC73029CA39FF00075545 /* Resources */,
			);
			buildRules = (
			);
			dependencies = (
			);
			name = Kattamuri_SearchApp;
			productName = Kattamuri_SearchApp;
			productReference = A87EC73229CA39FF00075545 /* Kattamuri_SearchApp.app */;
			productType = "com.apple.product-type.application";
		};
		A87EC74729CA39FF00075545 /* Kattamuri_SearchAppTests */ = {
			isa = PBXNativeTarget;
			buildConfigurationList = A87EC75F29CA39FF00075545 /* Build configuration list for PBXNativeTarget "Kattamuri_SearchAppTests" */;
			buildPhases = (
				A87EC74429CA39FF00075545 /* Sources */,
				A87EC74529CA39FF00075545 /* Frameworks */,
				A87EC74629CA39FF00075545 /* Resources */,
			);
			buildRules = (
			);
			dependencies = (
				A87EC74A29CA39FF00075545 /* PBXTargetDependency */,
			);
			name = Kattamuri_SearchAppTests;
			productName = Kattamuri_SearchAppTests;
			productReference = A87EC74829CA39FF00075545 /* Kattamuri_SearchAppTests.xctest */;
			productType = "com.apple.product-type.bundle.unit-test";
		};
		A87EC75129CA39FF00075545 /* Kattamuri_SearchAppUITests */ = {
			isa = PBXNativeTarget;
			buildConfigurationList = A87EC76229CA39FF00075545 /* Build configuration list for PBXNativeTarget "Kattamuri_SearchAppUITests" */;
			buildPhases = (
				A87EC74E29CA39FF00075545 /* Sources */,
				A87EC74F29CA39FF00075545 /* Frameworks */,
				A87EC75029CA39FF00075545 /* Resources */,
			);
			buildRules = (
			);
			dependencies = (
				A87EC75429CA39FF00075545 /* PBXTargetDependency */,
			);
			name = Kattamuri_SearchAppUITests;
			productName = Kattamuri_SearchAppUITests;
			productReference = A87EC75229CA39FF00075545 /* Kattamuri_SearchAppUITests.xctest */;
			productType = "com.apple.product-type.bundle.ui-testing";
		};
/* End PBXNativeTarget section */

/* Begin PBXProject section */
		A87EC72A29CA39FE00075545 /* Project object */ = {
			isa = PBXProject;
			attributes = {
				BuildIndependentTargetsInParallel = 1;
				LastSwiftUpdateCheck = 1340;
				LastUpgradeCheck = 1340;
				TargetAttributes = {
					A87EC73129CA39FF00075545 = {
						CreatedOnToolsVersion = 13.4.1;
					};
					A87EC74729CA39FF00075545 = {
						CreatedOnToolsVersion = 13.4.1;
						TestTargetID = A87EC73129CA39FF00075545;
					};
					A87EC75129CA39FF00075545 = {
						CreatedOnToolsVersion = 13.4.1;
						TestTargetID = A87EC73129CA39FF00075545;
					};
				};
			};
			buildConfigurationList = A87EC72D29CA39FE00075545 /* Build configuration list for PBXProject "Kattamuri_SearchApp" */;
			compatibilityVersion = "Xcode 13.0";
			developmentRegion = en;
			hasScannedForEncodings = 0;
			knownRegions = (
				en,
				Base,
			);
			mainGroup = A87EC72929CA39FE00075545;
			productRefGroup = A87EC73329CA39FF00075545 /* Products */;
			projectDirPath = "";
			projectRoot = "";
			targets = (
				A87EC73129CA39FF00075545 /* Kattamuri_SearchApp */,
				A87EC74729CA39FF00075545 /* Kattamuri_SearchAppTests */,
				A87EC75129CA39FF00075545 /* Kattamuri_SearchAppUITests */,
			);
		};
/* End PBXProject section */

/* Begin PBXResourcesBuildPhase section */
		A87EC73029CA39FF00075545 /* Resources */ = {
			isa = PBXResourcesBuildPhase;
			buildActionMask = 2147483647;
			files = (
				A87EC74229CA39FF00075545 /* LaunchScreen.storyboard in Resources */,
				A87EC73F29CA39FF00075545 /* Assets.xcassets in Resources */,
				A87EC73D29CA39FF00075545 /* Main.storyboard in Resources */,
			);
			runOnlyForDeploymentPostprocessing = 0;
		};
		A87EC74629CA39FF00075545 /* Resources */ = {
			isa = PBXResourcesBuildPhase;
			buildActionMask = 2147483647;
			files = (
			);
			runOnlyForDeploymentPostprocessing = 0;
		};
		A87EC75029CA39FF00075545 /* Resources */ = {
			isa = PBXResourcesBuildPhase;
			buildActionMask = 2147483647;
			files = (
			);
			runOnlyForDeploymentPostprocessing = 0;
		};
/* End PBXResourcesBuildPhase section */

/* Begin PBXSourcesBuildPhase section */
		A87EC72E29CA39FF00075545 /* Sources */ = {
			isa = PBXSourcesBuildPhase;
			buildActionMask = 2147483647;
			files = (
				A87EC73A29CA39FF00075545 /* ViewController.swift in Sources */,
				A87EC73629CA39FF00075545 /* AppDelegate.swift in Sources */,
				A87EC73829CA39FF00075545 /* SceneDelegate.swift in Sources */,
			);
			runOnlyForDeploymentPostprocessing = 0;
		};
		A87EC74429CA39FF00075545 /* Sources */ = {
			isa = PBXSourcesBuildPhase;
			buildActionMask = 2147483647;
			files = (
				A87EC74D29CA39FF00075545 /* Kattamuri_SearchAppTests.swift in Sources */,
			);
			runOnlyForDeploymentPostprocessing = 0;
		};
		A87EC74E29CA39FF00075545 /* Sources */ = {
			isa = PBXSourcesBuildPhase;
			buildActionMask = 2147483647;
			files = (
				A87EC75729CA39FF00075545 /* Kattamuri_SearchAppUITests.swift in Sources */,
				A87EC75929CA39FF00075545 /* Kattamuri_SearchAppUITestsLaunchTests.swift in Sources */,
			);
			runOnlyForDeploymentPostprocessing = 0;
		};
/* End PBXSourcesBuildPhase section */

/* Begin PBXTargetDependency section */
		A87EC74A29CA39FF00075545 /* PBXTargetDependency */ = {
			isa = PBXTargetDependency;
			target = A87EC73129CA39FF00075545 /* Kattamuri_SearchApp */;
			targetProxy = A87EC74929CA39FF00075545 /* PBXContainerItemProxy */;
		};
		A87EC75429CA39FF00075545 /* PBXTargetDependency */ = {
			isa = PBXTargetDependency;
			target = A87EC73129CA39FF00075545 /* Kattamuri_SearchApp */;
			targetProxy = A87EC75329CA39FF00075545 /* PBXContainerItemProxy */;
		};
/* End PBXTargetDependency section */

/* Begin PBXVariantGroup section */
		A87EC73B29CA39FF00075545 /* Main.storyboard */ = {
			isa = PBXVariantGroup;
			children = (
				A87EC73C29CA39FF00075545 /* Base */,
			);
			name = Main.storyboard;
			sourceTree = "<group>";
		};
		A87EC74029CA39FF00075545 /* LaunchScreen.storyboard */ = {
			isa = PBXVariantGroup;
			children = (
				A87EC74129CA39FF00075545 /* Base */,
			);
			name = LaunchScreen.storyboard;
			sourceTree = "<group>";
		};
/* End PBXVariantGroup section */

/* Begin XCBuildConfiguration section */
		A87EC75A29CA39FF00075545 /* Debug */ = {
			isa = XCBuildConfiguration;
			buildSettings = {
				ALWAYS_SEARCH_USER_PATHS = NO;
				CLANG_ANALYZER_NONNULL = YES;
				CLANG_ANALYZER_NUMBER_OBJECT_CONVERSION = YES_AGGRESSIVE;
				CLANG_CXX_LANGUAGE_STANDARD = "gnu++17";
				CLANG_ENABLE_MODULES = YES;
				CLANG_ENABLE_OBJC_ARC = YES;
				CLANG_ENABLE_OBJC_WEAK = YES;
				CLANG_WARN_BLOCK_CAPTURE_AUTORELEASING = YES;
				CLANG_WARN_BOOL_CONVERSION = YES;
				CLANG_WARN_COMMA = YES;
				CLANG_WARN_CONSTANT_CONVERSION = YES;
				CLANG_WARN_DEPRECATED_OBJC_IMPLEMENTATIONS = YES;
				CLANG_WARN_DIRECT_OBJC_ISA_USAGE = YES_ERROR;
				CLANG_WARN_DOCUMENTATION_COMMENTS = YES;
				CLANG_WARN_EMPTY_BODY = YES;
				CLANG_WARN_ENUM_CONVERSION = YES;
				CLANG_WARN_INFINITE_RECURSION = YES;
				CLANG_WARN_INT_CONVERSION = YES;
				CLANG_WARN_NON_LITERAL_NULL_CONVERSION = YES;
				CLANG_WARN_OBJC_IMPLICIT_RETAIN_SELF = YES;
				CLANG_WARN_OBJC_LITERAL_CONVERSION = YES;
				CLANG_WARN_OBJC_ROOT_CLASS = YES_ERROR;
				CLANG_WARN_QUOTED_INCLUDE_IN_FRAMEWORK_HEADER = YES;
				CLANG_WARN_RANGE_LOOP_ANALYSIS = YES;
				CLANG_WARN_STRICT_PROTOTYPES = YES;
				CLANG_WARN_SUSPICIOUS_MOVE = YES;
				CLANG_WARN_UNGUARDED_AVAILABILITY = YES_AGGRESSIVE;
				CLANG_WARN_UNREACHABLE_CODE = YES;
				CLANG_WARN__DUPLICATE_METHOD_MATCH = YES;
				COPY_PHASE_STRIP = NO;
				DEBUG_INFORMATION_FORMAT = dwarf;
				ENABLE_STRICT_OBJC_MSGSEND = YES;
				ENABLE_TESTABILITY = YES;
				GCC_C_LANGUAGE_STANDARD = gnu11;
				GCC_DYNAMIC_NO_PIC = NO;
				GCC_NO_COMMON_BLOCKS = YES;
				GCC_OPTIMIZATION_LEVEL = 0;
				GCC_PREPROCESSOR_DEFINITIONS = (
					"DEBUG=1",
					"$(inherited)",
				);
				GCC_WARN_64_TO_32_BIT_CONVERSION = YES;
				GCC_WARN_ABOUT_RETURN_TYPE = YES_ERROR;
				GCC_WARN_UNDECLARED_SELECTOR = YES;
				GCC_WARN_UNINITIALIZED_AUTOS = YES_AGGRESSIVE;
				GCC_WARN_UNUSED_FUNCTION = YES;
				GCC_WARN_UNUSED_VARIABLE = YES;
				IPHONEOS_DEPLOYMENT_TARGET = 15.5;
				MTL_ENABLE_DEBUG_INFO = INCLUDE_SOURCE;
				MTL_FAST_MATH = YES;
				ONLY_ACTIVE_ARCH = YES;
				SDKROOT = iphoneos;
				SWIFT_ACTIVE_COMPILATION_CONDITIONS = DEBUG;
				SWIFT_OPTIMIZATION_LEVEL = "-Onone";
			};
			name = Debug;
		};
		A87EC75B29CA39FF00075545 /* Release */ = {
			isa = XCBuildConfiguration;
			buildSettings = {
				ALWAYS_SEARCH_USER_PATHS = NO;
				CLANG_ANALYZER_NONNULL = YES;
				CLANG_ANALYZER_NUMBER_OBJECT_CONVERSION = YES_AGGRESSIVE;
				CLANG_CXX_LANGUAGE_STANDARD = "gnu++17";
				CLANG_ENABLE_MODULES = YES;
				CLANG_ENABLE_OBJC_ARC = YES;
				CLANG_ENABLE_OBJC_WEAK = YES;
				CLANG_WARN_BLOCK_CAPTURE_AUTORELEASING = YES;
				CLANG_WARN_BOOL_CONVERSION = YES;
				CLANG_WARN_COMMA = YES;
				CLANG_WARN_CONSTANT_CONVERSION = YES;
				CLANG_WARN_DEPRECATED_OBJC_IMPLEMENTATIONS = YES;
				CLANG_WARN_DIRECT_OBJC_ISA_USAGE = YES_ERROR;
				CLANG_WARN_DOCUMENTATION_COMMENTS = YES;
				CLANG_WARN_EMPTY_BODY = YES;
				CLANG_WARN_ENUM_CONVERSION = YES;
				CLANG_WARN_INFINITE_RECURSION = YES;
				CLANG_WARN_INT_CONVERSION = YES;
				CLANG_WARN_NON_LITERAL_NULL_CONVERSION = YES;
				CLANG_WARN_OBJC_IMPLICIT_RETAIN_SELF = YES;
				CLANG_WARN_OBJC_LITERAL_CONVERSION = YES;
				CLANG_WARN_OBJC_ROOT_CLASS = YES_ERROR;
				CLANG_WARN_QUOTED_INCLUDE_IN_FRAMEWORK_HEADER = YES;
				CLANG_WARN_RANGE_LOOP_ANALYSIS = YES;
				CLANG_WARN_STRICT_PROTOTYPES = YES;
				CLANG_WARN_SUSPICIOUS_MOVE = YES;
				CLANG_WARN_UNGUARDED_AVAILABILITY = YES_AGGRESSIVE;
				CLANG_WARN_UNREACHABLE_CODE = YES;
				CLANG_WARN__DUPLICATE_METHOD_MATCH = YES;
				COPY_PHASE_STRIP = NO;
				DEBUG_INFORMATION_FORMAT = "dwarf-with-dsym";
				ENABLE_NS_ASSERTIONS = NO;
				ENABLE_STRICT_OBJC_MSGSEND = YES;
				GCC_C_LANGUAGE_STANDARD = gnu11;
				GCC_NO_COMMON_BLOCKS = YES;
				GCC_WARN_64_TO_32_BIT_CONVERSION = YES;
				GCC_WARN_ABOUT_RETURN_TYPE = YES_ERROR;
				GCC_WARN_UNDECLARED_SELECTOR = YES;
				GCC_WARN_UNINITIALIZED_AUTOS = YES_AGGRESSIVE;
				GCC_WARN_UNUSED_FUNCTION = YES;
				GCC_WARN_UNUSED_VARIABLE = YES;
				IPHONEOS_DEPLOYMENT_TARGET = 15.5;
				MTL_ENABLE_DEBUG_INFO = NO;
				MTL_FAST_MATH = YES;
				SDKROOT = iphoneos;
				SWIFT_COMPILATION_MODE = wholemodule;
				SWIFT_OPTIMIZATION_LEVEL = "-O";
				VALIDATE_PRODUCT = YES;
			};
			name = Release;
		};
		A87EC75D29CA39FF00075545 /* Debug */ = {
			isa = XCBuildConfiguration;
			buildSettings = {
				ASSETCATALOG_COMPILER_APPICON_NAME = AppIcon;
				ASSETCATALOG_COMPILER_GLOBAL_ACCENT_COLOR_NAME = AccentColor;
				CODE_SIGN_STYLE = Automatic;
				CURRENT_PROJECT_VERSION = 1;
				GENERATE_INFOPLIST_FILE = YES;
				INFOPLIST_FILE = Kattamuri_SearchApp/Info.plist;
				INFOPLIST_KEY_UIApplicationSupportsIndirectInputEvents = YES;
				INFOPLIST_KEY_UILaunchStoryboardName = LaunchScreen;
				INFOPLIST_KEY_UIMainStoryboardFile = Main;
				INFOPLIST_KEY_UISupportedInterfaceOrientations_iPad = "UIInterfaceOrientationPortrait UIInterfaceOrientationPortraitUpsideDown UIInterfaceOrientationLandscapeLeft UIInterfaceOrientationLandscapeRight";
				INFOPLIST_KEY_UISupportedInterfaceOrientations_iPhone = "UIInterfaceOrientationPortrait UIInterfaceOrientationLandscapeLeft UIInterfaceOrientationLandscapeRight";
				LD_RUNPATH_SEARCH_PATHS = (
					"$(inherited)",
					"@executable_path/Frameworks",
				);
				MARKETING_VERSION = 1.0;
				PRODUCT_BUNDLE_IDENTIFIER = "nwmsu.Kattamuri-SearchApp";
				PRODUCT_NAME = "$(TARGET_NAME)";
				SWIFT_EMIT_LOC_STRINGS = YES;
				SWIFT_VERSION = 5.0;
				TARGETED_DEVICE_FAMILY = "1,2";
			};
			name = Debug;
		};
		A87EC75E29CA39FF00075545 /* Release */ = {
			isa = XCBuildConfiguration;
			buildSettings = {
				ASSETCATALOG_COMPILER_APPICON_NAME = AppIcon;
				ASSETCATALOG_COMPILER_GLOBAL_ACCENT_COLOR_NAME = AccentColor;
				CODE_SIGN_STYLE = Automatic;
				CURRENT_PROJECT_VERSION = 1;
				GENERATE_INFOPLIST_FILE = YES;
				INFOPLIST_FILE = Kattamuri_SearchApp/Info.plist;
				INFOPLIST_KEY_UIApplicationSupportsIndirectInputEvents = YES;
				INFOPLIST_KEY_UILaunchStoryboardName = LaunchScreen;
				INFOPLIST_KEY_UIMainStoryboardFile = Main;
				INFOPLIST_KEY_UISupportedInterfaceOrientations_iPad = "UIInterfaceOrientationPortrait UIInterfaceOrientationPortraitUpsideDown UIInterfaceOrientationLandscapeLeft UIInterfaceOrientationLandscapeRight";
				INFOPLIST_KEY_UISupportedInterfaceOrientations_iPhone = "UIInterfaceOrientationPortrait UIInterfaceOrientationLandscapeLeft UIInterfaceOrientationLandscapeRight";
				LD_RUNPATH_SEARCH_PATHS = (
					"$(inherited)",
					"@executable_path/Frameworks",
				);
				MARKETING_VERSION = 1.0;
				PRODUCT_BUNDLE_IDENTIFIER = "nwmsu.Kattamuri-SearchApp";
				PRODUCT_NAME = "$(TARGET_NAME)";
				SWIFT_EMIT_LOC_STRINGS = YES;
				SWIFT_VERSION = 5.0;
				TARGETED_DEVICE_FAMILY = "1,2";
			};
			name = Release;
		};
		A87EC76029CA39FF00075545 /* Debug */ = {
			isa = XCBuildConfiguration;
			buildSettings = {
				ALWAYS_EMBED_SWIFT_STANDARD_LIBRARIES = YES;
				BUNDLE_LOADER = "$(TEST_HOST)";
				CODE_SIGN_STYLE = Automatic;
				CURRENT_PROJECT_VERSION = 1;
				GENERATE_INFOPLIST_FILE = YES;
				IPHONEOS_DEPLOYMENT_TARGET = 15.5;
				MARKETING_VERSION = 1.0;
				PRODUCT_BUNDLE_IDENTIFIER = "nwmsu.Kattamuri-SearchAppTests";
				PRODUCT_NAME = "$(TARGET_NAME)";
				SWIFT_EMIT_LOC_STRINGS = NO;
				SWIFT_VERSION = 5.0;
				TARGETED_DEVICE_FAMILY = "1,2";
				TEST_HOST = "$(BUILT_PRODUCTS_DIR)/Kattamuri_SearchApp.app/Kattamuri_SearchApp";
			};
			name = Debug;
		};
		A87EC76129CA39FF00075545 /* Release */ = {
			isa = XCBuildConfiguration;
			buildSettings = {
				ALWAYS_EMBED_SWIFT_STANDARD_LIBRARIES = YES;
				BUNDLE_LOADER = "$(TEST_HOST)";
				CODE_SIGN_STYLE = Automatic;
				CURRENT_PROJECT_VERSION = 1;
				GENERATE_INFOPLIST_FILE = YES;
				IPHONEOS_DEPLOYMENT_TARGET = 15.5;
				MARKETING_VERSION = 1.0;
				PRODUCT_BUNDLE_IDENTIFIER = "nwmsu.Kattamuri-SearchAppTests";
				PRODUCT_NAME = "$(TARGET_NAME)";
				SWIFT_EMIT_LOC_STRINGS = NO;
				SWIFT_VERSION = 5.0;
				TARGETED_DEVICE_FAMILY = "1,2";
				TEST_HOST = "$(BUILT_PRODUCTS_DIR)/Kattamuri_SearchApp.app/Kattamuri_SearchApp";
			};
			name = Release;
		};
		A87EC76329CA39FF00075545 /* Debug */ = {
			isa = XCBuildConfiguration;
			buildSettings = {
				ALWAYS_EMBED_SWIFT_STANDARD_LIBRARIES = YES;
				CODE_SIGN_STYLE = Automatic;
				CURRENT_PROJECT_VERSION = 1;
				GENERATE_INFOPLIST_FILE = YES;
				MARKETING_VERSION = 1.0;
				PRODUCT_BUNDLE_IDENTIFIER = "nwmsu.Kattamuri-SearchAppUITests";
				PRODUCT_NAME = "$(TARGET_NAME)";
				SWIFT_EMIT_LOC_STRINGS = NO;
				SWIFT_VERSION = 5.0;
				TARGETED_DEVICE_FAMILY = "1,2";
				TEST_TARGET_NAME = Kattamuri_SearchApp;
			};
			name = Debug;
		};
		A87EC76429CA39FF00075545 /* Release */ = {
			isa = XCBuildConfiguration;
			buildSettings = {
				ALWAYS_EMBED_SWIFT_STANDARD_LIBRARIES = YES;
				CODE_SIGN_STYLE = Automatic;
				CURRENT_PROJECT_VERSION = 1;
				GENERATE_INFOPLIST_FILE = YES;
				MARKETING_VERSION = 1.0;
				PRODUCT_BUNDLE_IDENTIFIER = "nwmsu.Kattamuri-SearchAppUITests";
				PRODUCT_NAME = "$(TARGET_NAME)";
				SWIFT_EMIT_LOC_STRINGS = NO;
				SWIFT_VERSION = 5.0;
				TARGETED_DEVICE_FAMILY = "1,2";
				TEST_TARGET_NAME = Kattamuri_SearchApp;
			};
			name = Release;
		};
/* End XCBuildConfiguration section */

/* Begin XCConfigurationList section */
		A87EC72D29CA39FE00075545 /* Build configuration list for PBXProject "Kattamuri_SearchApp" */ = {
			isa = XCConfigurationList;
			buildConfigurations = (
				A87EC75A29CA39FF00075545 /* Debug */,
				A87EC75B29CA39FF00075545 /* Release */,
			);
			defaultConfigurationIsVisible = 0;
			defaultConfigurationName = Release;
		};
		A87EC75C29CA39FF00075545 /* Build configuration list for PBXNativeTarget "Kattamuri_SearchApp" */ = {
			isa = XCConfigurationList;
			buildConfigurations = (
				A87EC75D29CA39FF00075545 /* Debug */,
				A87EC75E29CA39FF00075545 /* Release */,
			);
			defaultConfigurationIsVisible = 0;
			defaultConfigurationName = Release;
		};
		A87EC75F29CA39FF00075545 /* Build configuration list for PBXNativeTarget "Kattamuri_SearchAppTests" */ = {
			isa = XCConfigurationList;
			buildConfigurations = (
				A87EC76029CA39FF00075545 /* Debug */,
				A87EC76129CA39FF00075545 /* Release */,
			);
			defaultConfigurationIsVisible = 0;
			defaultConfigurationName = Release;
		};
		A87EC76229CA39FF00075545 /* Build configuration list for PBXNativeTarget "Kattamuri_SearchAppUITests" */ = {
			isa = XCConfigurationList;
			buildConfigurations = (
				A87EC76329CA39FF00075545 /* Debug */,
				A87EC76429CA39FF00075545 /* Release */,
			);
			defaultConfigurationIsVisible = 0;
			defaultConfigurationName = Release;
		};
/* End XCConfigurationList section */
	};
	rootObject = A87EC72A29CA39FE00075545 /* Project object */;
}
