// !$*UTF8*$!
{
	archiveVersion = 1;
	classes = {
	};
	objectVersion = 55;
	objects = {

/* Begin PBXBuildFile section */
		A89C52AD29F17101009D253A /* AppDelegate.swift in Sources */ = {isa = PBXBuildFile; fileRef = A89C52AC29F17101009D253A /* AppDelegate.swift */; };
		A89C52AF29F17101009D253A /* SceneDelegate.swift in Sources */ = {isa = PBXBuildFile; fileRef = A89C52AE29F17101009D253A /* SceneDelegate.swift */; };
		A89C52B129F17101009D253A /* ViewController.swift in Sources */ = {isa = PBXBuildFile; fileRef = A89C52B029F17101009D253A /* ViewController.swift */; };
		A89C52B429F17101009D253A /* Main.storyboard in Resources */ = {isa = PBXBuildFile; fileRef = A89C52B229F17101009D253A /* Main.storyboard */; };
		A89C52B629F17103009D253A /* Assets.xcassets in Resources */ = {isa = PBXBuildFile; fileRef = A89C52B529F17103009D253A /* Assets.xcassets */; };
		A89C52B929F17103009D253A /* LaunchScreen.storyboard in Resources */ = {isa = PBXBuildFile; fileRef = A89C52B729F17103009D253A /* LaunchScreen.storyboard */; };
		A89C52C429F17103009D253A /* CollectionViewTests.swift in Sources */ = {isa = PBXBuildFile; fileRef = A89C52C329F17103009D253A /* CollectionViewTests.swift */; };
		A89C52CE29F17103009D253A /* CollectionViewUITests.swift in Sources */ = {isa = PBXBuildFile; fileRef = A89C52CD29F17103009D253A /* CollectionViewUITests.swift */; };
		A89C52D029F17103009D253A /* CollectionViewUITestsLaunchTests.swift in Sources */ = {isa = PBXBuildFile; fileRef = A89C52CF29F17103009D253A /* CollectionViewUITestsLaunchTests.swift */; };
		A89C52DD29F17513009D253A /* Movie.swift in Sources */ = {isa = PBXBuildFile; fileRef = A89C52DC29F17513009D253A /* Movie.swift */; };
		A89C52DF29F175D2009D253A /* MovieCollectionViewCell.swift in Sources */ = {isa = PBXBuildFile; fileRef = A89C52DE29F175D2009D253A /* MovieCollectionViewCell.swift */; };
/* End PBXBuildFile section */

/* Begin PBXContainerItemProxy section */
		A89C52C029F17103009D253A /* PBXContainerItemProxy */ = {
			isa = PBXContainerItemProxy;
			containerPortal = A89C52A129F17101009D253A /* Project object */;
			proxyType = 1;
			remoteGlobalIDString = A89C52A829F17101009D253A;
			remoteInfo = CollectionView;
		};
		A89C52CA29F17103009D253A /* PBXContainerItemProxy */ = {
			isa = PBXContainerItemProxy;
			containerPortal = A89C52A129F17101009D253A /* Project object */;
			proxyType = 1;
			remoteGlobalIDString = A89C52A829F17101009D253A;
			remoteInfo = CollectionView;
		};
/* End PBXContainerItemProxy section */

/* Begin PBXFileReference section */
		A89C52A929F17101009D253A /* CollectionView.app */ = {isa = PBXFileReference; explicitFileType = wrapper.application; includeInIndex = 0; path = CollectionView.app; sourceTree = BUILT_PRODUCTS_DIR; };
		A89C52AC29F17101009D253A /* AppDelegate.swift */ = {isa = PBXFileReference; lastKnownFileType = sourcecode.swift; path = AppDelegate.swift; sourceTree = "<group>"; };
		A89C52AE29F17101009D253A /* SceneDelegate.swift */ = {isa = PBXFileReference; lastKnownFileType = sourcecode.swift; path = SceneDelegate.swift; sourceTree = "<group>"; };
		A89C52B029F17101009D253A /* ViewController.swift */ = {isa = PBXFileReference; lastKnownFileType = sourcecode.swift; path = ViewController.swift; sourceTree = "<group>"; };
		A89C52B329F17101009D253A /* Base */ = {isa = PBXFileReference; lastKnownFileType = file.storyboard; name = Base; path = Base.lproj/Main.storyboard; sourceTree = "<group>"; };
		A89C52B529F17103009D253A /* Assets.xcassets */ = {isa = PBXFileReference; lastKnownFileType = folder.assetcatalog; path = Assets.xcassets; sourceTree = "<group>"; };
		A89C52B829F17103009D253A /* Base */ = {isa = PBXFileReference; lastKnownFileType = file.storyboard; name = Base; path = Base.lproj/LaunchScreen.storyboard; sourceTree = "<group>"; };
		A89C52BA29F17103009D253A /* Info.plist */ = {isa = PBXFileReference; lastKnownFileType = text.plist.xml; path = Info.plist; sourceTree = "<group>"; };
		A89C52BF29F17103009D253A /* CollectionViewTests.xctest */ = {isa = PBXFileReference; explicitFileType = wrapper.cfbundle; includeInIndex = 0; path = CollectionViewTests.xctest; sourceTree = BUILT_PRODUCTS_DIR; };
		A89C52C329F17103009D253A /* CollectionViewTests.swift */ = {isa = PBXFileReference; lastKnownFileType = sourcecode.swift; path = CollectionViewTests.swift; sourceTree = "<group>"; };
		A89C52C929F17103009D253A /* CollectionViewUITests.xctest */ = {isa = PBXFileReference; explicitFileType = wrapper.cfbundle; includeInIndex = 0; path = CollectionViewUITests.xctest; sourceTree = BUILT_PRODUCTS_DIR; };
		A89C52CD29F17103009D253A /* CollectionViewUITests.swift */ = {isa = PBXFileReference; lastKnownFileType = sourcecode.swift; path = CollectionViewUITests.swift; sourceTree = "<group>"; };
		A89C52CF29F17103009D253A /* CollectionViewUITestsLaunchTests.swift */ = {isa = PBXFileReference; lastKnownFileType = sourcecode.swift; path = CollectionViewUITestsLaunchTests.swift; sourceTree = "<group>"; };
		A89C52DC29F17513009D253A /* Movie.swift */ = {isa = PBXFileReference; lastKnownFileType = sourcecode.swift; path = Movie.swift; sourceTree = "<group>"; };
		A89C52DE29F175D2009D253A /* MovieCollectionViewCell.swift */ = {isa = PBXFileReference; lastKnownFileType = sourcecode.swift; path = MovieCollectionViewCell.swift; sourceTree = "<group>"; };
/* End PBXFileReference section */

/* Begin PBXFrameworksBuildPhase section */
		A89C52A629F17101009D253A /* Frameworks */ = {
			isa = PBXFrameworksBuildPhase;
			buildActionMask = 2147483647;
			files = (
			);
			runOnlyForDeploymentPostprocessing = 0;
		};
		A89C52BC29F17103009D253A /* Frameworks */ = {
			isa = PBXFrameworksBuildPhase;
			buildActionMask = 2147483647;
			files = (
			);
			runOnlyForDeploymentPostprocessing = 0;
		};
		A89C52C629F17103009D253A /* Frameworks */ = {
			isa = PBXFrameworksBuildPhase;
			buildActionMask = 2147483647;
			files = (
			);
			runOnlyForDeploymentPostprocessing = 0;
		};
/* End PBXFrameworksBuildPhase section */

/* Begin PBXGroup section */
		A89C52A029F17101009D253A = {
			isa = PBXGroup;
			children = (
				A89C52AB29F17101009D253A /* CollectionView */,
				A89C52C229F17103009D253A /* CollectionViewTests */,
				A89C52CC29F17103009D253A /* CollectionViewUITests */,
				A89C52AA29F17101009D253A /* Products */,
			);
			sourceTree = "<group>";
		};
		A89C52AA29F17101009D253A /* Products */ = {
			isa = PBXGroup;
			children = (
				A89C52A929F17101009D253A /* CollectionView.app */,
				A89C52BF29F17103009D253A /* CollectionViewTests.xctest */,
				A89C52C929F17103009D253A /* CollectionViewUITests.xctest */,
			);
			name = Products;
			sourceTree = "<group>";
		};
		A89C52AB29F17101009D253A /* CollectionView */ = {
			isa = PBXGroup;
			children = (
				A89C52AC29F17101009D253A /* AppDelegate.swift */,
				A89C52AE29F17101009D253A /* SceneDelegate.swift */,
				A89C52B029F17101009D253A /* ViewController.swift */,
				A89C52B229F17101009D253A /* Main.storyboard */,
				A89C52B529F17103009D253A /* Assets.xcassets */,
				A89C52B729F17103009D253A /* LaunchScreen.storyboard */,
				A89C52BA29F17103009D253A /* Info.plist */,
				A89C52DC29F17513009D253A /* Movie.swift */,
				A89C52DE29F175D2009D253A /* MovieCollectionViewCell.swift */,
			);
			path = CollectionView;
			sourceTree = "<group>";
		};
		A89C52C229F17103009D253A /* CollectionViewTests */ = {
			isa = PBXGroup;
			children = (
				A89C52C329F17103009D253A /* CollectionViewTests.swift */,
			);
			path = CollectionViewTests;
			sourceTree = "<group>";
		};
		A89C52CC29F17103009D253A /* CollectionViewUITests */ = {
			isa = PBXGroup;
			children = (
				A89C52CD29F17103009D253A /* CollectionViewUITests.swift */,
				A89C52CF29F17103009D253A /* CollectionViewUITestsLaunchTests.swift */,
			);
			path = CollectionViewUITests;
			sourceTree = "<group>";
		};
/* End PBXGroup section */

/* Begin PBXNativeTarget section */
		A89C52A829F17101009D253A /* CollectionView */ = {
			isa = PBXNativeTarget;
			buildConfigurationList = A89C52D329F17103009D253A /* Build configuration list for PBXNativeTarget "CollectionView" */;
			buildPhases = (
				A89C52A529F17101009D253A /* Sources */,
				A89C52A629F17101009D253A /* Frameworks */,
				A89C52A729F17101009D253A /* Resources */,
			);
			buildRules = (
			);
			dependencies = (
			);
			name = CollectionView;
			productName = CollectionView;
			productReference = A89C52A929F17101009D253A /* CollectionView.app */;
			productType = "com.apple.product-type.application";
		};
		A89C52BE29F17103009D253A /* CollectionViewTests */ = {
			isa = PBXNativeTarget;
			buildConfigurationList = A89C52D629F17103009D253A /* Build configuration list for PBXNativeTarget "CollectionViewTests" */;
			buildPhases = (
				A89C52BB29F17103009D253A /* Sources */,
				A89C52BC29F17103009D253A /* Frameworks */,
				A89C52BD29F17103009D253A /* Resources */,
			);
			buildRules = (
			);
			dependencies = (
				A89C52C129F17103009D253A /* PBXTargetDependency */,
			);
			name = CollectionViewTests;
			productName = CollectionViewTests;
			productReference = A89C52BF29F17103009D253A /* CollectionViewTests.xctest */;
			productType = "com.apple.product-type.bundle.unit-test";
		};
		A89C52C829F17103009D253A /* CollectionViewUITests */ = {
			isa = PBXNativeTarget;
			buildConfigurationList = A89C52D929F17103009D253A /* Build configuration list for PBXNativeTarget "CollectionViewUITests" */;
			buildPhases = (
				A89C52C529F17103009D253A /* Sources */,
				A89C52C629F17103009D253A /* Frameworks */,
				A89C52C729F17103009D253A /* Resources */,
			);
			buildRules = (
			);
			dependencies = (
				A89C52CB29F17103009D253A /* PBXTargetDependency */,
			);
			name = CollectionViewUITests;
			productName = CollectionViewUITests;
			productReference = A89C52C929F17103009D253A /* CollectionViewUITests.xctest */;
			productType = "com.apple.product-type.bundle.ui-testing";
		};
/* End PBXNativeTarget section */

/* Begin PBXProject section */
		A89C52A129F17101009D253A /* Project object */ = {
			isa = PBXProject;
			attributes = {
				BuildIndependentTargetsInParallel = 1;
				LastSwiftUpdateCheck = 1340;
				LastUpgradeCheck = 1340;
				TargetAttributes = {
					A89C52A829F17101009D253A = {
						CreatedOnToolsVersion = 13.4.1;
					};
					A89C52BE29F17103009D253A = {
						CreatedOnToolsVersion = 13.4.1;
						TestTargetID = A89C52A829F17101009D253A;
					};
					A89C52C829F17103009D253A = {
						CreatedOnToolsVersion = 13.4.1;
						TestTargetID = A89C52A829F17101009D253A;
					};
				};
			};
			buildConfigurationList = A89C52A429F17101009D253A /* Build configuration list for PBXProject "CollectionView" */;
			compatibilityVersion = "Xcode 13.0";
			developmentRegion = en;
			hasScannedForEncodings = 0;
			knownRegions = (
				en,
				Base,
			);
			mainGroup = A89C52A029F17101009D253A;
			productRefGroup = A89C52AA29F17101009D253A /* Products */;
			projectDirPath = "";
			projectRoot = "";
			targets = (
				A89C52A829F17101009D253A /* CollectionView */,
				A89C52BE29F17103009D253A /* CollectionViewTests */,
				A89C52C829F17103009D253A /* CollectionViewUITests */,
			);
		};
/* End PBXProject section */

/* Begin PBXResourcesBuildPhase section */
		A89C52A729F17101009D253A /* Resources */ = {
			isa = PBXResourcesBuildPhase;
			buildActionMask = 2147483647;
			files = (
				A89C52B929F17103009D253A /* LaunchScreen.storyboard in Resources */,
				A89C52B629F17103009D253A /* Assets.xcassets in Resources */,
				A89C52B429F17101009D253A /* Main.storyboard in Resources */,
			);
			runOnlyForDeploymentPostprocessing = 0;
		};
		A89C52BD29F17103009D253A /* Resources */ = {
			isa = PBXResourcesBuildPhase;
			buildActionMask = 2147483647;
			files = (
			);
			runOnlyForDeploymentPostprocessing = 0;
		};
		A89C52C729F17103009D253A /* Resources */ = {
			isa = PBXResourcesBuildPhase;
			buildActionMask = 2147483647;
			files = (
			);
			runOnlyForDeploymentPostprocessing = 0;
		};
/* End PBXResourcesBuildPhase section */

/* Begin PBXSourcesBuildPhase section */
		A89C52A529F17101009D253A /* Sources */ = {
			isa = PBXSourcesBuildPhase;
			buildActionMask = 2147483647;
			files = (
				A89C52B129F17101009D253A /* ViewController.swift in Sources */,
				A89C52AD29F17101009D253A /* AppDelegate.swift in Sources */,
				A89C52DF29F175D2009D253A /* MovieCollectionViewCell.swift in Sources */,
				A89C52DD29F17513009D253A /* Movie.swift in Sources */,
				A89C52AF29F17101009D253A /* SceneDelegate.swift in Sources */,
			);
			runOnlyForDeploymentPostprocessing = 0;
		};
		A89C52BB29F17103009D253A /* Sources */ = {
			isa = PBXSourcesBuildPhase;
			buildActionMask = 2147483647;
			files = (
				A89C52C429F17103009D253A /* CollectionViewTests.swift in Sources */,
			);
			runOnlyForDeploymentPostprocessing = 0;
		};
		A89C52C529F17103009D253A /* Sources */ = {
			isa = PBXSourcesBuildPhase;
			buildActionMask = 2147483647;
			files = (
				A89C52CE29F17103009D253A /* CollectionViewUITests.swift in Sources */,
				A89C52D029F17103009D253A /* CollectionViewUITestsLaunchTests.swift in Sources */,
			);
			runOnlyForDeploymentPostprocessing = 0;
		};
/* End PBXSourcesBuildPhase section */

/* Begin PBXTargetDependency section */
		A89C52C129F17103009D253A /* PBXTargetDependency */ = {
			isa = PBXTargetDependency;
			target = A89C52A829F17101009D253A /* CollectionView */;
			targetProxy = A89C52C029F17103009D253A /* PBXContainerItemProxy */;
		};
		A89C52CB29F17103009D253A /* PBXTargetDependency */ = {
			isa = PBXTargetDependency;
			target = A89C52A829F17101009D253A /* CollectionView */;
			targetProxy = A89C52CA29F17103009D253A /* PBXContainerItemProxy */;
		};
/* End PBXTargetDependency section */

/* Begin PBXVariantGroup section */
		A89C52B229F17101009D253A /* Main.storyboard */ = {
			isa = PBXVariantGroup;
			children = (
				A89C52B329F17101009D253A /* Base */,
			);
			name = Main.storyboard;
			sourceTree = "<group>";
		};
		A89C52B729F17103009D253A /* LaunchScreen.storyboard */ = {
			isa = PBXVariantGroup;
			children = (
				A89C52B829F17103009D253A /* Base */,
			);
			name = LaunchScreen.storyboard;
			sourceTree = "<group>";
		};
/* End PBXVariantGroup section */

/* Begin XCBuildConfiguration section */
		A89C52D129F17103009D253A /* Debug */ = {
			isa = XCBuildConfiguration;
			buildSettings = {
				ALWAYS_SEARCH_USER_PATHS = NO;
				CLANG_ANALYZER_NONNULL = YES;
				CLANG_ANALYZER_NUMBER_OBJECT_CONVERSION = YES_AGGRESSIVE;
				CLANG_CXX_LANGUAGE_STANDARD = "gnu++17";
				CLANG_ENABLE_MODULES = YES;
				CLANG_ENABLE_OBJC_ARC = YES;
				CLANG_ENABLE_OBJC_WEAK = YES;
				CLANG_WARN_BLOCK_CAPTURE_AUTORELEASING = YES;
				CLANG_WARN_BOOL_CONVERSION = YES;
				CLANG_WARN_COMMA = YES;
				CLANG_WARN_CONSTANT_CONVERSION = YES;
				CLANG_WARN_DEPRECATED_OBJC_IMPLEMENTATIONS = YES;
				CLANG_WARN_DIRECT_OBJC_ISA_USAGE = YES_ERROR;
				CLANG_WARN_DOCUMENTATION_COMMENTS = YES;
				CLANG_WARN_EMPTY_BODY = YES;
				CLANG_WARN_ENUM_CONVERSION = YES;
				CLANG_WARN_INFINITE_RECURSION = YES;
				CLANG_WARN_INT_CONVERSION = YES;
				CLANG_WARN_NON_LITERAL_NULL_CONVERSION = YES;
				CLANG_WARN_OBJC_IMPLICIT_RETAIN_SELF = YES;
				CLANG_WARN_OBJC_LITERAL_CONVERSION = YES;
				CLANG_WARN_OBJC_ROOT_CLASS = YES_ERROR;
				CLANG_WARN_QUOTED_INCLUDE_IN_FRAMEWORK_HEADER = YES;
				CLANG_WARN_RANGE_LOOP_ANALYSIS = YES;
				CLANG_WARN_STRICT_PROTOTYPES = YES;
				CLANG_WARN_SUSPICIOUS_MOVE = YES;
				CLANG_WARN_UNGUARDED_AVAILABILITY = YES_AGGRESSIVE;
				CLANG_WARN_UNREACHABLE_CODE = YES;
				CLANG_WARN__DUPLICATE_METHOD_MATCH = YES;
				COPY_PHASE_STRIP = NO;
				DEBUG_INFORMATION_FORMAT = dwarf;
				ENABLE_STRICT_OBJC_MSGSEND = YES;
				ENABLE_TESTABILITY = YES;
				GCC_C_LANGUAGE_STANDARD = gnu11;
				GCC_DYNAMIC_NO_PIC = NO;
				GCC_NO_COMMON_BLOCKS = YES;
				GCC_OPTIMIZATION_LEVEL = 0;
				GCC_PREPROCESSOR_DEFINITIONS = (
					"DEBUG=1",
					"$(inherited)",
				);
				GCC_WARN_64_TO_32_BIT_CONVERSION = YES;
				GCC_WARN_ABOUT_RETURN_TYPE = YES_ERROR;
				GCC_WARN_UNDECLARED_SELECTOR = YES;
				GCC_WARN_UNINITIALIZED_AUTOS = YES_AGGRESSIVE;
				GCC_WARN_UNUSED_FUNCTION = YES;
				GCC_WARN_UNUSED_VARIABLE = YES;
				IPHONEOS_DEPLOYMENT_TARGET = 15.5;
				MTL_ENABLE_DEBUG_INFO = INCLUDE_SOURCE;
				MTL_FAST_MATH = YES;
				ONLY_ACTIVE_ARCH = YES;
				SDKROOT = iphoneos;
				SWIFT_ACTIVE_COMPILATION_CONDITIONS = DEBUG;
				SWIFT_OPTIMIZATION_LEVEL = "-Onone";
			};
			name = Debug;
		};
		A89C52D229F17103009D253A /* Release */ = {
			isa = XCBuildConfiguration;
			buildSettings = {
				ALWAYS_SEARCH_USER_PATHS = NO;
				CLANG_ANALYZER_NONNULL = YES;
				CLANG_ANALYZER_NUMBER_OBJECT_CONVERSION = YES_AGGRESSIVE;
				CLANG_CXX_LANGUAGE_STANDARD = "gnu++17";
				CLANG_ENABLE_MODULES = YES;
				CLANG_ENABLE_OBJC_ARC = YES;
				CLANG_ENABLE_OBJC_WEAK = YES;
				CLANG_WARN_BLOCK_CAPTURE_AUTORELEASING = YES;
				CLANG_WARN_BOOL_CONVERSION = YES;
				CLANG_WARN_COMMA = YES;
				CLANG_WARN_CONSTANT_CONVERSION = YES;
				CLANG_WARN_DEPRECATED_OBJC_IMPLEMENTATIONS = YES;
				CLANG_WARN_DIRECT_OBJC_ISA_USAGE = YES_ERROR;
				CLANG_WARN_DOCUMENTATION_COMMENTS = YES;
				CLANG_WARN_EMPTY_BODY = YES;
				CLANG_WARN_ENUM_CONVERSION = YES;
				CLANG_WARN_INFINITE_RECURSION = YES;
				CLANG_WARN_INT_CONVERSION = YES;
				CLANG_WARN_NON_LITERAL_NULL_CONVERSION = YES;
				CLANG_WARN_OBJC_IMPLICIT_RETAIN_SELF = YES;
				CLANG_WARN_OBJC_LITERAL_CONVERSION = YES;
				CLANG_WARN_OBJC_ROOT_CLASS = YES_ERROR;
				CLANG_WARN_QUOTED_INCLUDE_IN_FRAMEWORK_HEADER = YES;
				CLANG_WARN_RANGE_LOOP_ANALYSIS = YES;
				CLANG_WARN_STRICT_PROTOTYPES = YES;
				CLANG_WARN_SUSPICIOUS_MOVE = YES;
				CLANG_WARN_UNGUARDED_AVAILABILITY = YES_AGGRESSIVE;
				CLANG_WARN_UNREACHABLE_CODE = YES;
				CLANG_WARN__DUPLICATE_METHOD_MATCH = YES;
				COPY_PHASE_STRIP = NO;
				DEBUG_INFORMATION_FORMAT = "dwarf-with-dsym";
				ENABLE_NS_ASSERTIONS = NO;
				ENABLE_STRICT_OBJC_MSGSEND = YES;
				GCC_C_LANGUAGE_STANDARD = gnu11;
				GCC_NO_COMMON_BLOCKS = YES;
				GCC_WARN_64_TO_32_BIT_CONVERSION = YES;
				GCC_WARN_ABOUT_RETURN_TYPE = YES_ERROR;
				GCC_WARN_UNDECLARED_SELECTOR = YES;
				GCC_WARN_UNINITIALIZED_AUTOS = YES_AGGRESSIVE;
				GCC_WARN_UNUSED_FUNCTION = YES;
				GCC_WARN_UNUSED_VARIABLE = YES;
				IPHONEOS_DEPLOYMENT_TARGET = 15.5;
				MTL_ENABLE_DEBUG_INFO = NO;
				MTL_FAST_MATH = YES;
				SDKROOT = iphoneos;
				SWIFT_COMPILATION_MODE = wholemodule;
				SWIFT_OPTIMIZATION_LEVEL = "-O";
				VALIDATE_PRODUCT = YES;
			};
			name = Release;
		};
		A89C52D429F17103009D253A /* Debug */ = {
			isa = XCBuildConfiguration;
			buildSettings = {
				ASSETCATALOG_COMPILER_APPICON_NAME = AppIcon;
				ASSETCATALOG_COMPILER_GLOBAL_ACCENT_COLOR_NAME = AccentColor;
				CODE_SIGN_STYLE = Automatic;
				CURRENT_PROJECT_VERSION = 1;
				GENERATE_INFOPLIST_FILE = YES;
				INFOPLIST_FILE = CollectionView/Info.plist;
				INFOPLIST_KEY_UIApplicationSupportsIndirectInputEvents = YES;
				INFOPLIST_KEY_UILaunchStoryboardName = LaunchScreen;
				INFOPLIST_KEY_UIMainStoryboardFile = Main;
				INFOPLIST_KEY_UISupportedInterfaceOrientations_iPad = "UIInterfaceOrientationPortrait UIInterfaceOrientationPortraitUpsideDown UIInterfaceOrientationLandscapeLeft UIInterfaceOrientationLandscapeRight";
				INFOPLIST_KEY_UISupportedInterfaceOrientations_iPhone = "UIInterfaceOrientationPortrait UIInterfaceOrientationLandscapeLeft UIInterfaceOrientationLandscapeRight";
				LD_RUNPATH_SEARCH_PATHS = (
					"$(inherited)",
					"@executable_path/Frameworks",
				);
				MARKETING_VERSION = 1.0;
				PRODUCT_BUNDLE_IDENTIFIER = nwmissouri.edu.CollectionView;
				PRODUCT_NAME = "$(TARGET_NAME)";
				SWIFT_EMIT_LOC_STRINGS = YES;
				SWIFT_VERSION = 5.0;
				TARGETED_DEVICE_FAMILY = "1,2";
			};
			name = Debug;
		};
		A89C52D529F17103009D253A /* Release */ = {
			isa = XCBuildConfiguration;
			buildSettings = {
				ASSETCATALOG_COMPILER_APPICON_NAME = AppIcon;
				ASSETCATALOG_COMPILER_GLOBAL_ACCENT_COLOR_NAME = AccentColor;
				CODE_SIGN_STYLE = Automatic;
				CURRENT_PROJECT_VERSION = 1;
				GENERATE_INFOPLIST_FILE = YES;
				INFOPLIST_FILE = CollectionView/Info.plist;
				INFOPLIST_KEY_UIApplicationSupportsIndirectInputEvents = YES;
				INFOPLIST_KEY_UILaunchStoryboardName = LaunchScreen;
				INFOPLIST_KEY_UIMainStoryboardFile = Main;
				INFOPLIST_KEY_UISupportedInterfaceOrientations_iPad = "UIInterfaceOrientationPortrait UIInterfaceOrientationPortraitUpsideDown UIInterfaceOrientationLandscapeLeft UIInterfaceOrientationLandscapeRight";
				INFOPLIST_KEY_UISupportedInterfaceOrientations_iPhone = "UIInterfaceOrientationPortrait UIInterfaceOrientationLandscapeLeft UIInterfaceOrientationLandscapeRight";
				LD_RUNPATH_SEARCH_PATHS = (
					"$(inherited)",
					"@executable_path/Frameworks",
				);
				MARKETING_VERSION = 1.0;
				PRODUCT_BUNDLE_IDENTIFIER = nwmissouri.edu.CollectionView;
				PRODUCT_NAME = "$(TARGET_NAME)";
				SWIFT_EMIT_LOC_STRINGS = YES;
				SWIFT_VERSION = 5.0;
				TARGETED_DEVICE_FAMILY = "1,2";
			};
			name = Release;
		};
		A89C52D729F17103009D253A /* Debug */ = {
			isa = XCBuildConfiguration;
			buildSettings = {
				ALWAYS_EMBED_SWIFT_STANDARD_LIBRARIES = YES;
				BUNDLE_LOADER = "$(TEST_HOST)";
				CODE_SIGN_STYLE = Automatic;
				CURRENT_PROJECT_VERSION = 1;
				GENERATE_INFOPLIST_FILE = YES;
				IPHONEOS_DEPLOYMENT_TARGET = 15.5;
				MARKETING_VERSION = 1.0;
				PRODUCT_BUNDLE_IDENTIFIER = nwmissouri.edu.CollectionViewTests;
				PRODUCT_NAME = "$(TARGET_NAME)";
				SWIFT_EMIT_LOC_STRINGS = NO;
				SWIFT_VERSION = 5.0;
				TARGETED_DEVICE_FAMILY = "1,2";
				TEST_HOST = "$(BUILT_PRODUCTS_DIR)/CollectionView.app/CollectionView";
			};
			name = Debug;
		};
		A89C52D829F17103009D253A /* Release */ = {
			isa = XCBuildConfiguration;
			buildSettings = {
				ALWAYS_EMBED_SWIFT_STANDARD_LIBRARIES = YES;
				BUNDLE_LOADER = "$(TEST_HOST)";
				CODE_SIGN_STYLE = Automatic;
				CURRENT_PROJECT_VERSION = 1;
				GENERATE_INFOPLIST_FILE = YES;
				IPHONEOS_DEPLOYMENT_TARGET = 15.5;
				MARKETING_VERSION = 1.0;
				PRODUCT_BUNDLE_IDENTIFIER = nwmissouri.edu.CollectionViewTests;
				PRODUCT_NAME = "$(TARGET_NAME)";
				SWIFT_EMIT_LOC_STRINGS = NO;
				SWIFT_VERSION = 5.0;
				TARGETED_DEVICE_FAMILY = "1,2";
				TEST_HOST = "$(BUILT_PRODUCTS_DIR)/CollectionView.app/CollectionView";
			};
			name = Release;
		};
		A89C52DA29F17103009D253A /* Debug */ = {
			isa = XCBuildConfiguration;
			buildSettings = {
				ALWAYS_EMBED_SWIFT_STANDARD_LIBRARIES = YES;
				CODE_SIGN_STYLE = Automatic;
				CURRENT_PROJECT_VERSION = 1;
				GENERATE_INFOPLIST_FILE = YES;
				MARKETING_VERSION = 1.0;
				PRODUCT_BUNDLE_IDENTIFIER = nwmissouri.edu.CollectionViewUITests;
				PRODUCT_NAME = "$(TARGET_NAME)";
				SWIFT_EMIT_LOC_STRINGS = NO;
				SWIFT_VERSION = 5.0;
				TARGETED_DEVICE_FAMILY = "1,2";
				TEST_TARGET_NAME = CollectionView;
			};
			name = Debug;
		};
		A89C52DB29F17103009D253A /* Release */ = {
			isa = XCBuildConfiguration;
			buildSettings = {
				ALWAYS_EMBED_SWIFT_STANDARD_LIBRARIES = YES;
				CODE_SIGN_STYLE = Automatic;
				CURRENT_PROJECT_VERSION = 1;
				GENERATE_INFOPLIST_FILE = YES;
				MARKETING_VERSION = 1.0;
				PRODUCT_BUNDLE_IDENTIFIER = nwmissouri.edu.CollectionViewUITests;
				PRODUCT_NAME = "$(TARGET_NAME)";
				SWIFT_EMIT_LOC_STRINGS = NO;
				SWIFT_VERSION = 5.0;
				TARGETED_DEVICE_FAMILY = "1,2";
				TEST_TARGET_NAME = CollectionView;
			};
			name = Release;
		};
/* End XCBuildConfiguration section */

/* Begin XCConfigurationList section */
		A89C52A429F17101009D253A /* Build configuration list for PBXProject "CollectionView" */ = {
			isa = XCConfigurationList;
			buildConfigurations = (
				A89C52D129F17103009D253A /* Debug */,
				A89C52D229F17103009D253A /* Release */,
			);
			defaultConfigurationIsVisible = 0;
			defaultConfigurationName = Release;
		};
		A89C52D329F17103009D253A /* Build configuration list for PBXNativeTarget "CollectionView" */ = {
			isa = XCConfigurationList;
			buildConfigurations = (
				A89C52D429F17103009D253A /* Debug */,
				A89C52D529F17103009D253A /* Release */,
			);
			defaultConfigurationIsVisible = 0;
			defaultConfigurationName = Release;
		};
		A89C52D629F17103009D253A /* Build configuration list for PBXNativeTarget "CollectionViewTests" */ = {
			isa = XCConfigurationList;
			buildConfigurations = (
				A89C52D729F17103009D253A /* Debug */,
				A89C52D829F17103009D253A /* Release */,
			);
			defaultConfigurationIsVisible = 0;
			defaultConfigurationName = Release;
		};
		A89C52D929F17103009D253A /* Build configuration list for PBXNativeTarget "CollectionViewUITests" */ = {
			isa = XCConfigurationList;
			buildConfigurations = (
				A89C52DA29F17103009D253A /* Debug */,
				A89C52DB29F17103009D253A /* Release */,
			);
			defaultConfigurationIsVisible = 0;
			defaultConfigurationName = Release;
		};
/* End XCConfigurationList section */
	};
	rootObject = A89C52A129F17101009D253A /* Project object */;
}
