// !$*UTF8*$!
{
	archiveVersion = 1;
	classes = {
	};
	objectVersion = 55;
	objects = {

/* Begin PBXBuildFile section */
		373A86F829D52A7000093DBF /* AppDelegate.swift in Sources */ = {isa = PBXBuildFile; fileRef = 373A86F729D52A7000093DBF /* AppDelegate.swift */; };
		373A86FA29D52A7000093DBF /* SceneDelegate.swift in Sources */ = {isa = PBXBuildFile; fileRef = 373A86F929D52A7000093DBF /* SceneDelegate.swift */; };
		373A86FC29D52A7000093DBF /* ViewController.swift in Sources */ = {isa = PBXBuildFile; fileRef = 373A86FB29D52A7000093DBF /* ViewController.swift */; };
		373A86FF29D52A7000093DBF /* Main.storyboard in Resources */ = {isa = PBXBuildFile; fileRef = 373A86FD29D52A7000093DBF /* Main.storyboard */; };
		373A870129D52A7100093DBF /* Assets.xcassets in Resources */ = {isa = PBXBuildFile; fileRef = 373A870029D52A7100093DBF /* Assets.xcassets */; };
		373A870429D52A7100093DBF /* LaunchScreen.storyboard in Resources */ = {isa = PBXBuildFile; fileRef = 373A870229D52A7100093DBF /* LaunchScreen.storyboard */; };
		373A870C29D52AC400093DBF /* PhotoView.swift in Sources */ = {isa = PBXBuildFile; fileRef = 373A870B29D52AC400093DBF /* PhotoView.swift */; };
		373A870E29D52AD300093DBF /* PhotoView.xib in Resources */ = {isa = PBXBuildFile; fileRef = 373A870D29D52AD300093DBF /* PhotoView.xib */; };
		373A871029D52AEF00093DBF /* AlbumVC.swift in Sources */ = {isa = PBXBuildFile; fileRef = 373A870F29D52AEF00093DBF /* AlbumVC.swift */; };
		373A871229D52B0000093DBF /* ImageDescVC.swift in Sources */ = {isa = PBXBuildFile; fileRef = 373A871129D52B0000093DBF /* ImageDescVC.swift */; };
		373A871429D52B0F00093DBF /* RootVC.swift in Sources */ = {isa = PBXBuildFile; fileRef = 373A871329D52B0F00093DBF /* RootVC.swift */; };
		373A871629D52B4300093DBF /* Model.swift in Sources */ = {isa = PBXBuildFile; fileRef = 373A871529D52B4300093DBF /* Model.swift */; };
/* End PBXBuildFile section */

/* Begin PBXFileReference section */
		373A86F429D52A7000093DBF /* AvuthuAlbumApp.app */ = {isa = PBXFileReference; explicitFileType = wrapper.application; includeInIndex = 0; path = AvuthuAlbumApp.app; sourceTree = BUILT_PRODUCTS_DIR; };
		373A86F729D52A7000093DBF /* AppDelegate.swift */ = {isa = PBXFileReference; lastKnownFileType = sourcecode.swift; path = AppDelegate.swift; sourceTree = "<group>"; };
		373A86F929D52A7000093DBF /* SceneDelegate.swift */ = {isa = PBXFileReference; lastKnownFileType = sourcecode.swift; path = SceneDelegate.swift; sourceTree = "<group>"; };
		373A86FB29D52A7000093DBF /* ViewController.swift */ = {isa = PBXFileReference; lastKnownFileType = sourcecode.swift; path = ViewController.swift; sourceTree = "<group>"; };
		373A86FE29D52A7000093DBF /* Base */ = {isa = PBXFileReference; lastKnownFileType = file.storyboard; name = Base; path = Base.lproj/Main.storyboard; sourceTree = "<group>"; };
		373A870029D52A7100093DBF /* Assets.xcassets */ = {isa = PBXFileReference; lastKnownFileType = folder.assetcatalog; path = Assets.xcassets; sourceTree = "<group>"; };
		373A870329D52A7100093DBF /* Base */ = {isa = PBXFileReference; lastKnownFileType = file.storyboard; name = Base; path = Base.lproj/LaunchScreen.storyboard; sourceTree = "<group>"; };
		373A870529D52A7100093DBF /* Info.plist */ = {isa = PBXFileReference; lastKnownFileType = text.plist.xml; path = Info.plist; sourceTree = "<group>"; };
		373A870B29D52AC400093DBF /* PhotoView.swift */ = {isa = PBXFileReference; lastKnownFileType = sourcecode.swift; path = PhotoView.swift; sourceTree = "<group>"; };
		373A870D29D52AD300093DBF /* PhotoView.xib */ = {isa = PBXFileReference; lastKnownFileType = file.xib; path = PhotoView.xib; sourceTree = "<group>"; };
		373A870F29D52AEF00093DBF /* AlbumVC.swift */ = {isa = PBXFileReference; lastKnownFileType = sourcecode.swift; path = AlbumVC.swift; sourceTree = "<group>"; };
		373A871129D52B0000093DBF /* ImageDescVC.swift */ = {isa = PBXFileReference; lastKnownFileType = sourcecode.swift; path = ImageDescVC.swift; sourceTree = "<group>"; };
		373A871329D52B0F00093DBF /* RootVC.swift */ = {isa = PBXFileReference; lastKnownFileType = sourcecode.swift; path = RootVC.swift; sourceTree = "<group>"; };
		373A871529D52B4300093DBF /* Model.swift */ = {isa = PBXFileReference; lastKnownFileType = sourcecode.swift; path = Model.swift; sourceTree = "<group>"; };
/* End PBXFileReference section */

/* Begin PBXFrameworksBuildPhase section */
		373A86F129D52A7000093DBF /* Frameworks */ = {
			isa = PBXFrameworksBuildPhase;
			buildActionMask = 2147483647;
			files = (
			);
			runOnlyForDeploymentPostprocessing = 0;
		};
/* End PBXFrameworksBuildPhase section */

/* Begin PBXGroup section */
		373A86EB29D52A7000093DBF = {
			isa = PBXGroup;
			children = (
				373A86F629D52A7000093DBF /* AvuthuAlbumApp */,
				373A86F529D52A7000093DBF /* Products */,
			);
			sourceTree = "<group>";
		};
		373A86F529D52A7000093DBF /* Products */ = {
			isa = PBXGroup;
			children = (
				373A86F429D52A7000093DBF /* AvuthuAlbumApp.app */,
			);
			name = Products;
			sourceTree = "<group>";
		};
		373A86F629D52A7000093DBF /* AvuthuAlbumApp */ = {
			isa = PBXGroup;
			children = (
				373A871729D52CD300093DBF /* Supporting Files */,
				373A86FB29D52A7000093DBF /* ViewController.swift */,
				373A86FD29D52A7000093DBF /* Main.storyboard */,
				373A870B29D52AC400093DBF /* PhotoView.swift */,
				373A870D29D52AD300093DBF /* PhotoView.xib */,
				373A870F29D52AEF00093DBF /* AlbumVC.swift */,
				373A871129D52B0000093DBF /* ImageDescVC.swift */,
				373A871329D52B0F00093DBF /* RootVC.swift */,
				373A871529D52B4300093DBF /* Model.swift */,
				373A870029D52A7100093DBF /* Assets.xcassets */,
				373A870229D52A7100093DBF /* LaunchScreen.storyboard */,
				373A870529D52A7100093DBF /* Info.plist */,
			);
			path = AvuthuAlbumApp;
			sourceTree = "<group>";
		};
		373A871729D52CD300093DBF /* Supporting Files */ = {
			isa = PBXGroup;
			children = (
				373A86F729D52A7000093DBF /* AppDelegate.swift */,
				373A86F929D52A7000093DBF /* SceneDelegate.swift */,
			);
			path = "Supporting Files";
			sourceTree = "<group>";
		};
/* End PBXGroup section */

/* Begin PBXNativeTarget section */
		373A86F329D52A7000093DBF /* AvuthuAlbumApp */ = {
			isa = PBXNativeTarget;
			buildConfigurationList = 373A870829D52A7100093DBF /* Build configuration list for PBXNativeTarget "AvuthuAlbumApp" */;
			buildPhases = (
				373A86F029D52A7000093DBF /* Sources */,
				373A86F129D52A7000093DBF /* Frameworks */,
				373A86F229D52A7000093DBF /* Resources */,
			);
			buildRules = (
			);
			dependencies = (
			);
			name = AvuthuAlbumApp;
			productName = AvuthuAlbumApp;
			productReference = 373A86F429D52A7000093DBF /* AvuthuAlbumApp.app */;
			productType = "com.apple.product-type.application";
		};
/* End PBXNativeTarget section */

/* Begin PBXProject section */
		373A86EC29D52A7000093DBF /* Project object */ = {
			isa = PBXProject;
			attributes = {
				BuildIndependentTargetsInParallel = 1;
				LastSwiftUpdateCheck = 1340;
				LastUpgradeCheck = 1340;
				TargetAttributes = {
					373A86F329D52A7000093DBF = {
						CreatedOnToolsVersion = 13.4.1;
					};
				};
			};
			buildConfigurationList = 373A86EF29D52A7000093DBF /* Build configuration list for PBXProject "AvuthuAlbumApp" */;
			compatibilityVersion = "Xcode 13.0";
			developmentRegion = en;
			hasScannedForEncodings = 0;
			knownRegions = (
				en,
				Base,
			);
			mainGroup = 373A86EB29D52A7000093DBF;
			productRefGroup = 373A86F529D52A7000093DBF /* Products */;
			projectDirPath = "";
			projectRoot = "";
			targets = (
				373A86F329D52A7000093DBF /* AvuthuAlbumApp */,
			);
		};
/* End PBXProject section */

/* Begin PBXResourcesBuildPhase section */
		373A86F229D52A7000093DBF /* Resources */ = {
			isa = PBXResourcesBuildPhase;
			buildActionMask = 2147483647;
			files = (
				373A870429D52A7100093DBF /* LaunchScreen.storyboard in Resources */,
				373A870129D52A7100093DBF /* Assets.xcassets in Resources */,
				373A86FF29D52A7000093DBF /* Main.storyboard in Resources */,
				373A870E29D52AD300093DBF /* PhotoView.xib in Resources */,
			);
			runOnlyForDeploymentPostprocessing = 0;
		};
/* End PBXResourcesBuildPhase section */

/* Begin PBXSourcesBuildPhase section */
		373A86F029D52A7000093DBF /* Sources */ = {
			isa = PBXSourcesBuildPhase;
			buildActionMask = 2147483647;
			files = (
				373A86FC29D52A7000093DBF /* ViewController.swift in Sources */,
				373A871429D52B0F00093DBF /* RootVC.swift in Sources */,
				373A871029D52AEF00093DBF /* AlbumVC.swift in Sources */,
				373A86F829D52A7000093DBF /* AppDelegate.swift in Sources */,
				373A86FA29D52A7000093DBF /* SceneDelegate.swift in Sources */,
				373A870C29D52AC400093DBF /* PhotoView.swift in Sources */,
				373A871229D52B0000093DBF /* ImageDescVC.swift in Sources */,
				373A871629D52B4300093DBF /* Model.swift in Sources */,
			);
			runOnlyForDeploymentPostprocessing = 0;
		};
/* End PBXSourcesBuildPhase section */

/* Begin PBXVariantGroup section */
		373A86FD29D52A7000093DBF /* Main.storyboard */ = {
			isa = PBXVariantGroup;
			children = (
				373A86FE29D52A7000093DBF /* Base */,
			);
			name = Main.storyboard;
			sourceTree = "<group>";
		};
		373A870229D52A7100093DBF /* LaunchScreen.storyboard */ = {
			isa = PBXVariantGroup;
			children = (
				373A870329D52A7100093DBF /* Base */,
			);
			name = LaunchScreen.storyboard;
			sourceTree = "<group>";
		};
/* End PBXVariantGroup section */

/* Begin XCBuildConfiguration section */
		373A870629D52A7100093DBF /* Debug */ = {
			isa = XCBuildConfiguration;
			buildSettings = {
				ALWAYS_SEARCH_USER_PATHS = NO;
				CLANG_ANALYZER_NONNULL = YES;
				CLANG_ANALYZER_NUMBER_OBJECT_CONVERSION = YES_AGGRESSIVE;
				CLANG_CXX_LANGUAGE_STANDARD = "gnu++17";
				CLANG_ENABLE_MODULES = YES;
				CLANG_ENABLE_OBJC_ARC = YES;
				CLANG_ENABLE_OBJC_WEAK = YES;
				CLANG_WARN_BLOCK_CAPTURE_AUTORELEASING = YES;
				CLANG_WARN_BOOL_CONVERSION = YES;
				CLANG_WARN_COMMA = YES;
				CLANG_WARN_CONSTANT_CONVERSION = YES;
				CLANG_WARN_DEPRECATED_OBJC_IMPLEMENTATIONS = YES;
				CLANG_WARN_DIRECT_OBJC_ISA_USAGE = YES_ERROR;
				CLANG_WARN_DOCUMENTATION_COMMENTS = YES;
				CLANG_WARN_EMPTY_BODY = YES;
				CLANG_WARN_ENUM_CONVERSION = YES;
				CLANG_WARN_INFINITE_RECURSION = YES;
				CLANG_WARN_INT_CONVERSION = YES;
				CLANG_WARN_NON_LITERAL_NULL_CONVERSION = YES;
				CLANG_WARN_OBJC_IMPLICIT_RETAIN_SELF = YES;
				CLANG_WARN_OBJC_LITERAL_CONVERSION = YES;
				CLANG_WARN_OBJC_ROOT_CLASS = YES_ERROR;
				CLANG_WARN_QUOTED_INCLUDE_IN_FRAMEWORK_HEADER = YES;
				CLANG_WARN_RANGE_LOOP_ANALYSIS = YES;
				CLANG_WARN_STRICT_PROTOTYPES = YES;
				CLANG_WARN_SUSPICIOUS_MOVE = YES;
				CLANG_WARN_UNGUARDED_AVAILABILITY = YES_AGGRESSIVE;
				CLANG_WARN_UNREACHABLE_CODE = YES;
				CLANG_WARN__DUPLICATE_METHOD_MATCH = YES;
				COPY_PHASE_STRIP = NO;
				DEBUG_INFORMATION_FORMAT = dwarf;
				ENABLE_STRICT_OBJC_MSGSEND = YES;
				ENABLE_TESTABILITY = YES;
				GCC_C_LANGUAGE_STANDARD = gnu11;
				GCC_DYNAMIC_NO_PIC = NO;
				GCC_NO_COMMON_BLOCKS = YES;
				GCC_OPTIMIZATION_LEVEL = 0;
				GCC_PREPROCESSOR_DEFINITIONS = (
					"DEBUG=1",
					"$(inherited)",
				);
				GCC_WARN_64_TO_32_BIT_CONVERSION = YES;
				GCC_WARN_ABOUT_RETURN_TYPE = YES_ERROR;
				GCC_WARN_UNDECLARED_SELECTOR = YES;
				GCC_WARN_UNINITIALIZED_AUTOS = YES_AGGRESSIVE;
				GCC_WARN_UNUSED_FUNCTION = YES;
				GCC_WARN_UNUSED_VARIABLE = YES;
				IPHONEOS_DEPLOYMENT_TARGET = 15.5;
				MTL_ENABLE_DEBUG_INFO = INCLUDE_SOURCE;
				MTL_FAST_MATH = YES;
				ONLY_ACTIVE_ARCH = YES;
				SDKROOT = iphoneos;
				SWIFT_ACTIVE_COMPILATION_CONDITIONS = DEBUG;
				SWIFT_OPTIMIZATION_LEVEL = "-Onone";
			};
			name = Debug;
		};
		373A870729D52A7100093DBF /* Release */ = {
			isa = XCBuildConfiguration;
			buildSettings = {
				ALWAYS_SEARCH_USER_PATHS = NO;
				CLANG_ANALYZER_NONNULL = YES;
				CLANG_ANALYZER_NUMBER_OBJECT_CONVERSION = YES_AGGRESSIVE;
				CLANG_CXX_LANGUAGE_STANDARD = "gnu++17";
				CLANG_ENABLE_MODULES = YES;
				CLANG_ENABLE_OBJC_ARC = YES;
				CLANG_ENABLE_OBJC_WEAK = YES;
				CLANG_WARN_BLOCK_CAPTURE_AUTORELEASING = YES;
				CLANG_WARN_BOOL_CONVERSION = YES;
				CLANG_WARN_COMMA = YES;
				CLANG_WARN_CONSTANT_CONVERSION = YES;
				CLANG_WARN_DEPRECATED_OBJC_IMPLEMENTATIONS = YES;
				CLANG_WARN_DIRECT_OBJC_ISA_USAGE = YES_ERROR;
				CLANG_WARN_DOCUMENTATION_COMMENTS = YES;
				CLANG_WARN_EMPTY_BODY = YES;
				CLANG_WARN_ENUM_CONVERSION = YES;
				CLANG_WARN_INFINITE_RECURSION = YES;
				CLANG_WARN_INT_CONVERSION = YES;
				CLANG_WARN_NON_LITERAL_NULL_CONVERSION = YES;
				CLANG_WARN_OBJC_IMPLICIT_RETAIN_SELF = YES;
				CLANG_WARN_OBJC_LITERAL_CONVERSION = YES;
				CLANG_WARN_OBJC_ROOT_CLASS = YES_ERROR;
				CLANG_WARN_QUOTED_INCLUDE_IN_FRAMEWORK_HEADER = YES;
				CLANG_WARN_RANGE_LOOP_ANALYSIS = YES;
				CLANG_WARN_STRICT_PROTOTYPES = YES;
				CLANG_WARN_SUSPICIOUS_MOVE = YES;
				CLANG_WARN_UNGUARDED_AVAILABILITY = YES_AGGRESSIVE;
				CLANG_WARN_UNREACHABLE_CODE = YES;
				CLANG_WARN__DUPLICATE_METHOD_MATCH = YES;
				COPY_PHASE_STRIP = NO;
				DEBUG_INFORMATION_FORMAT = "dwarf-with-dsym";
				ENABLE_NS_ASSERTIONS = NO;
				ENABLE_STRICT_OBJC_MSGSEND = YES;
				GCC_C_LANGUAGE_STANDARD = gnu11;
				GCC_NO_COMMON_BLOCKS = YES;
				GCC_WARN_64_TO_32_BIT_CONVERSION = YES;
				GCC_WARN_ABOUT_RETURN_TYPE = YES_ERROR;
				GCC_WARN_UNDECLARED_SELECTOR = YES;
				GCC_WARN_UNINITIALIZED_AUTOS = YES_AGGRESSIVE;
				GCC_WARN_UNUSED_FUNCTION = YES;
				GCC_WARN_UNUSED_VARIABLE = YES;
				IPHONEOS_DEPLOYMENT_TARGET = 15.5;
				MTL_ENABLE_DEBUG_INFO = NO;
				MTL_FAST_MATH = YES;
				SDKROOT = iphoneos;
				SWIFT_COMPILATION_MODE = wholemodule;
				SWIFT_OPTIMIZATION_LEVEL = "-O";
				VALIDATE_PRODUCT = YES;
			};
			name = Release;
		};
		373A870929D52A7100093DBF /* Debug */ = {
			isa = XCBuildConfiguration;
			buildSettings = {
				ASSETCATALOG_COMPILER_APPICON_NAME = AppIcon;
				ASSETCATALOG_COMPILER_GLOBAL_ACCENT_COLOR_NAME = AccentColor;
				CODE_SIGN_STYLE = Automatic;
				CURRENT_PROJECT_VERSION = 1;
				GENERATE_INFOPLIST_FILE = YES;
				INFOPLIST_FILE = AvuthuAlbumApp/Info.plist;
				INFOPLIST_KEY_UIApplicationSupportsIndirectInputEvents = YES;
				INFOPLIST_KEY_UILaunchStoryboardName = LaunchScreen;
				INFOPLIST_KEY_UIMainStoryboardFile = Main;
				INFOPLIST_KEY_UISupportedInterfaceOrientations_iPad = "UIInterfaceOrientationPortrait UIInterfaceOrientationPortraitUpsideDown UIInterfaceOrientationLandscapeLeft UIInterfaceOrientationLandscapeRight";
				INFOPLIST_KEY_UISupportedInterfaceOrientations_iPhone = "UIInterfaceOrientationPortrait UIInterfaceOrientationLandscapeLeft UIInterfaceOrientationLandscapeRight";
				LD_RUNPATH_SEARCH_PATHS = (
					"$(inherited)",
					"@executable_path/Frameworks",
				);
				MARKETING_VERSION = 1.0;
				PRODUCT_BUNDLE_IDENTIFIER = edu.missouri.AvuthuAlbumApp;
				PRODUCT_NAME = "$(TARGET_NAME)";
				SWIFT_EMIT_LOC_STRINGS = YES;
				SWIFT_VERSION = 5.0;
				TARGETED_DEVICE_FAMILY = "1,2";
			};
			name = Debug;
		};
		373A870A29D52A7100093DBF /* Release */ = {
			isa = XCBuildConfiguration;
			buildSettings = {
				ASSETCATALOG_COMPILER_APPICON_NAME = AppIcon;
				ASSETCATALOG_COMPILER_GLOBAL_ACCENT_COLOR_NAME = AccentColor;
				CODE_SIGN_STYLE = Automatic;
				CURRENT_PROJECT_VERSION = 1;
				GENERATE_INFOPLIST_FILE = YES;
				INFOPLIST_FILE = AvuthuAlbumApp/Info.plist;
				INFOPLIST_KEY_UIApplicationSupportsIndirectInputEvents = YES;
				INFOPLIST_KEY_UILaunchStoryboardName = LaunchScreen;
				INFOPLIST_KEY_UIMainStoryboardFile = Main;
				INFOPLIST_KEY_UISupportedInterfaceOrientations_iPad = "UIInterfaceOrientationPortrait UIInterfaceOrientationPortraitUpsideDown UIInterfaceOrientationLandscapeLeft UIInterfaceOrientationLandscapeRight";
				INFOPLIST_KEY_UISupportedInterfaceOrientations_iPhone = "UIInterfaceOrientationPortrait UIInterfaceOrientationLandscapeLeft UIInterfaceOrientationLandscapeRight";
				LD_RUNPATH_SEARCH_PATHS = (
					"$(inherited)",
					"@executable_path/Frameworks",
				);
				MARKETING_VERSION = 1.0;
				PRODUCT_BUNDLE_IDENTIFIER = edu.missouri.AvuthuAlbumApp;
				PRODUCT_NAME = "$(TARGET_NAME)";
				SWIFT_EMIT_LOC_STRINGS = YES;
				SWIFT_VERSION = 5.0;
				TARGETED_DEVICE_FAMILY = "1,2";
			};
			name = Release;
		};
/* End XCBuildConfiguration section */

/* Begin XCConfigurationList section */
		373A86EF29D52A7000093DBF /* Build configuration list for PBXProject "AvuthuAlbumApp" */ = {
			isa = XCConfigurationList;
			buildConfigurations = (
				373A870629D52A7100093DBF /* Debug */,
				373A870729D52A7100093DBF /* Release */,
			);
			defaultConfigurationIsVisible = 0;
			defaultConfigurationName = Release;
		};
		373A870829D52A7100093DBF /* Build configuration list for PBXNativeTarget "AvuthuAlbumApp" */ = {
			isa = XCConfigurationList;
			buildConfigurations = (
				373A870929D52A7100093DBF /* Debug */,
				373A870A29D52A7100093DBF /* Release */,
			);
			defaultConfigurationIsVisible = 0;
			defaultConfigurationName = Release;
		};
/* End XCConfigurationList section */
	};
	rootObject = 373A86EC29D52A7000093DBF /* Project object */;
}
