// !$*UTF8*$!
{
	archiveVersion = 1;
	classes = {
	};
	objectVersion = 55;
	objects = {

/* Begin PBXBuildFile section */
		A84AC10529DBE0E100C4F1A7 /* LoginScreenSegueViewController.swift in Sources */ = {isa = PBXBuildFile; fileRef = A84AC10429DBE0E100C4F1A7 /* LoginScreenSegueViewController.swift */; };
		A8CE95A029DBD458006711DB /* AppDelegate.swift in Sources */ = {isa = PBXBuildFile; fileRef = A8CE959F29DBD458006711DB /* AppDelegate.swift */; };
		A8CE95A229DBD458006711DB /* SceneDelegate.swift in Sources */ = {isa = PBXBuildFile; fileRef = A8CE95A129DBD458006711DB /* SceneDelegate.swift */; };
		A8CE95A429DBD458006711DB /* HomeViewController.swift in Sources */ = {isa = PBXBuildFile; fileRef = A8CE95A329DBD458006711DB /* HomeViewController.swift */; };
		A8CE95A729DBD458006711DB /* Main.storyboard in Resources */ = {isa = PBXBuildFile; fileRef = A8CE95A529DBD458006711DB /* Main.storyboard */; };
		A8CE95A929DBD458006711DB /* Assets.xcassets in Resources */ = {isa = PBXBuildFile; fileRef = A8CE95A829DBD458006711DB /* Assets.xcassets */; };
		A8CE95AC29DBD458006711DB /* LaunchScreen.storyboard in Resources */ = {isa = PBXBuildFile; fileRef = A8CE95AA29DBD458006711DB /* LaunchScreen.storyboard */; };
		A8CE95B729DBD459006711DB /* Kattamuri_ViewControllerTests.swift in Sources */ = {isa = PBXBuildFile; fileRef = A8CE95B629DBD459006711DB /* Kattamuri_ViewControllerTests.swift */; };
		A8CE95C129DBD459006711DB /* Kattamuri_ViewControllerUITests.swift in Sources */ = {isa = PBXBuildFile; fileRef = A8CE95C029DBD459006711DB /* Kattamuri_ViewControllerUITests.swift */; };
		A8CE95C329DBD459006711DB /* Kattamuri_ViewControllerUITestsLaunchTests.swift in Sources */ = {isa = PBXBuildFile; fileRef = A8CE95C229DBD459006711DB /* Kattamuri_ViewControllerUITestsLaunchTests.swift */; };
/* End PBXBuildFile section */

/* Begin PBXContainerItemProxy section */
		A8CE95B329DBD459006711DB /* PBXContainerItemProxy */ = {
			isa = PBXContainerItemProxy;
			containerPortal = A8CE959429DBD458006711DB /* Project object */;
			proxyType = 1;
			remoteGlobalIDString = A8CE959B29DBD458006711DB;
			remoteInfo = Kattamuri_ViewController;
		};
		A8CE95BD29DBD459006711DB /* PBXContainerItemProxy */ = {
			isa = PBXContainerItemProxy;
			containerPortal = A8CE959429DBD458006711DB /* Project object */;
			proxyType = 1;
			remoteGlobalIDString = A8CE959B29DBD458006711DB;
			remoteInfo = Kattamuri_ViewController;
		};
/* End PBXContainerItemProxy section */

/* Begin PBXFileReference section */
		A84AC10429DBE0E100C4F1A7 /* LoginScreenSegueViewController.swift */ = {isa = PBXFileReference; lastKnownFileType = sourcecode.swift; path = LoginScreenSegueViewController.swift; sourceTree = "<group>"; };
		A8CE959C29DBD458006711DB /* Kattamuri_ViewController.app */ = {isa = PBXFileReference; explicitFileType = wrapper.application; includeInIndex = 0; path = Kattamuri_ViewController.app; sourceTree = BUILT_PRODUCTS_DIR; };
		A8CE959F29DBD458006711DB /* AppDelegate.swift */ = {isa = PBXFileReference; lastKnownFileType = sourcecode.swift; path = AppDelegate.swift; sourceTree = "<group>"; };
		A8CE95A129DBD458006711DB /* SceneDelegate.swift */ = {isa = PBXFileReference; lastKnownFileType = sourcecode.swift; path = SceneDelegate.swift; sourceTree = "<group>"; };
		A8CE95A329DBD458006711DB /* HomeViewController.swift */ = {isa = PBXFileReference; lastKnownFileType = sourcecode.swift; path = HomeViewController.swift; sourceTree = "<group>"; };
		A8CE95A629DBD458006711DB /* Base */ = {isa = PBXFileReference; lastKnownFileType = file.storyboard; name = Base; path = Base.lproj/Main.storyboard; sourceTree = "<group>"; };
		A8CE95A829DBD458006711DB /* Assets.xcassets */ = {isa = PBXFileReference; lastKnownFileType = folder.assetcatalog; path = Assets.xcassets; sourceTree = "<group>"; };
		A8CE95AB29DBD458006711DB /* Base */ = {isa = PBXFileReference; lastKnownFileType = file.storyboard; name = Base; path = Base.lproj/LaunchScreen.storyboard; sourceTree = "<group>"; };
		A8CE95AD29DBD458006711DB /* Info.plist */ = {isa = PBXFileReference; lastKnownFileType = text.plist.xml; path = Info.plist; sourceTree = "<group>"; };
		A8CE95B229DBD459006711DB /* Kattamuri_ViewControllerTests.xctest */ = {isa = PBXFileReference; explicitFileType = wrapper.cfbundle; includeInIndex = 0; path = Kattamuri_ViewControllerTests.xctest; sourceTree = BUILT_PRODUCTS_DIR; };
		A8CE95B629DBD459006711DB /* Kattamuri_ViewControllerTests.swift */ = {isa = PBXFileReference; lastKnownFileType = sourcecode.swift; path = Kattamuri_ViewControllerTests.swift; sourceTree = "<group>"; };
		A8CE95BC29DBD459006711DB /* Kattamuri_ViewControllerUITests.xctest */ = {isa = PBXFileReference; explicitFileType = wrapper.cfbundle; includeInIndex = 0; path = Kattamuri_ViewControllerUITests.xctest; sourceTree = BUILT_PRODUCTS_DIR; };
		A8CE95C029DBD459006711DB /* Kattamuri_ViewControllerUITests.swift */ = {isa = PBXFileReference; lastKnownFileType = sourcecode.swift; path = Kattamuri_ViewControllerUITests.swift; sourceTree = "<group>"; };
		A8CE95C229DBD459006711DB /* Kattamuri_ViewControllerUITestsLaunchTests.swift */ = {isa = PBXFileReference; lastKnownFileType = sourcecode.swift; path = Kattamuri_ViewControllerUITestsLaunchTests.swift; sourceTree = "<group>"; };
/* End PBXFileReference section */

/* Begin PBXFrameworksBuildPhase section */
		A8CE959929DBD458006711DB /* Frameworks */ = {
			isa = PBXFrameworksBuildPhase;
			buildActionMask = 2147483647;
			files = (
			);
			runOnlyForDeploymentPostprocessing = 0;
		};
		A8CE95AF29DBD459006711DB /* Frameworks */ = {
			isa = PBXFrameworksBuildPhase;
			buildActionMask = 2147483647;
			files = (
			);
			runOnlyForDeploymentPostprocessing = 0;
		};
		A8CE95B929DBD459006711DB /* Frameworks */ = {
			isa = PBXFrameworksBuildPhase;
			buildActionMask = 2147483647;
			files = (
			);
			runOnlyForDeploymentPostprocessing = 0;
		};
/* End PBXFrameworksBuildPhase section */

/* Begin PBXGroup section */
		A8CE959329DBD458006711DB = {
			isa = PBXGroup;
			children = (
				A8CE959E29DBD458006711DB /* Kattamuri_ViewController */,
				A8CE95B529DBD459006711DB /* Kattamuri_ViewControllerTests */,
				A8CE95BF29DBD459006711DB /* Kattamuri_ViewControllerUITests */,
				A8CE959D29DBD458006711DB /* Products */,
			);
			sourceTree = "<group>";
		};
		A8CE959D29DBD458006711DB /* Products */ = {
			isa = PBXGroup;
			children = (
				A8CE959C29DBD458006711DB /* Kattamuri_ViewController.app */,
				A8CE95B229DBD459006711DB /* Kattamuri_ViewControllerTests.xctest */,
				A8CE95BC29DBD459006711DB /* Kattamuri_ViewControllerUITests.xctest */,
			);
			name = Products;
			sourceTree = "<group>";
		};
		A8CE959E29DBD458006711DB /* Kattamuri_ViewController */ = {
			isa = PBXGroup;
			children = (
				A8CE959F29DBD458006711DB /* AppDelegate.swift */,
				A8CE95A129DBD458006711DB /* SceneDelegate.swift */,
				A8CE95A329DBD458006711DB /* HomeViewController.swift */,
				A8CE95A529DBD458006711DB /* Main.storyboard */,
				A8CE95A829DBD458006711DB /* Assets.xcassets */,
				A8CE95AA29DBD458006711DB /* LaunchScreen.storyboard */,
				A8CE95AD29DBD458006711DB /* Info.plist */,
				A84AC10429DBE0E100C4F1A7 /* LoginScreenSegueViewController.swift */,
			);
			path = Kattamuri_ViewController;
			sourceTree = "<group>";
		};
		A8CE95B529DBD459006711DB /* Kattamuri_ViewControllerTests */ = {
			isa = PBXGroup;
			children = (
				A8CE95B629DBD459006711DB /* Kattamuri_ViewControllerTests.swift */,
			);
			path = Kattamuri_ViewControllerTests;
			sourceTree = "<group>";
		};
		A8CE95BF29DBD459006711DB /* Kattamuri_ViewControllerUITests */ = {
			isa = PBXGroup;
			children = (
				A8CE95C029DBD459006711DB /* Kattamuri_ViewControllerUITests.swift */,
				A8CE95C229DBD459006711DB /* Kattamuri_ViewControllerUITestsLaunchTests.swift */,
			);
			path = Kattamuri_ViewControllerUITests;
			sourceTree = "<group>";
		};
/* End PBXGroup section */

/* Begin PBXNativeTarget section */
		A8CE959B29DBD458006711DB /* Kattamuri_ViewController */ = {
			isa = PBXNativeTarget;
			buildConfigurationList = A8CE95C629DBD459006711DB /* Build configuration list for PBXNativeTarget "Kattamuri_ViewController" */;
			buildPhases = (
				A8CE959829DBD458006711DB /* Sources */,
				A8CE959929DBD458006711DB /* Frameworks */,
				A8CE959A29DBD458006711DB /* Resources */,
			);
			buildRules = (
			);
			dependencies = (
			);
			name = Kattamuri_ViewController;
			productName = Kattamuri_ViewController;
			productReference = A8CE959C29DBD458006711DB /* Kattamuri_ViewController.app */;
			productType = "com.apple.product-type.application";
		};
		A8CE95B129DBD459006711DB /* Kattamuri_ViewControllerTests */ = {
			isa = PBXNativeTarget;
			buildConfigurationList = A8CE95C929DBD459006711DB /* Build configuration list for PBXNativeTarget "Kattamuri_ViewControllerTests" */;
			buildPhases = (
				A8CE95AE29DBD459006711DB /* Sources */,
				A8CE95AF29DBD459006711DB /* Frameworks */,
				A8CE95B029DBD459006711DB /* Resources */,
			);
			buildRules = (
			);
			dependencies = (
				A8CE95B429DBD459006711DB /* PBXTargetDependency */,
			);
			name = Kattamuri_ViewControllerTests;
			productName = Kattamuri_ViewControllerTests;
			productReference = A8CE95B229DBD459006711DB /* Kattamuri_ViewControllerTests.xctest */;
			productType = "com.apple.product-type.bundle.unit-test";
		};
		A8CE95BB29DBD459006711DB /* Kattamuri_ViewControllerUITests */ = {
			isa = PBXNativeTarget;
			buildConfigurationList = A8CE95CC29DBD459006711DB /* Build configuration list for PBXNativeTarget "Kattamuri_ViewControllerUITests" */;
			buildPhases = (
				A8CE95B829DBD459006711DB /* Sources */,
				A8CE95B929DBD459006711DB /* Frameworks */,
				A8CE95BA29DBD459006711DB /* Resources */,
			);
			buildRules = (
			);
			dependencies = (
				A8CE95BE29DBD459006711DB /* PBXTargetDependency */,
			);
			name = Kattamuri_ViewControllerUITests;
			productName = Kattamuri_ViewControllerUITests;
			productReference = A8CE95BC29DBD459006711DB /* Kattamuri_ViewControllerUITests.xctest */;
			productType = "com.apple.product-type.bundle.ui-testing";
		};
/* End PBXNativeTarget section */

/* Begin PBXProject section */
		A8CE959429DBD458006711DB /* Project object */ = {
			isa = PBXProject;
			attributes = {
				BuildIndependentTargetsInParallel = 1;
				LastSwiftUpdateCheck = 1340;
				LastUpgradeCheck = 1340;
				TargetAttributes = {
					A8CE959B29DBD458006711DB = {
						CreatedOnToolsVersion = 13.4.1;
					};
					A8CE95B129DBD459006711DB = {
						CreatedOnToolsVersion = 13.4.1;
						TestTargetID = A8CE959B29DBD458006711DB;
					};
					A8CE95BB29DBD459006711DB = {
						CreatedOnToolsVersion = 13.4.1;
						TestTargetID = A8CE959B29DBD458006711DB;
					};
				};
			};
			buildConfigurationList = A8CE959729DBD458006711DB /* Build configuration list for PBXProject "Kattamuri_ViewController" */;
			compatibilityVersion = "Xcode 13.0";
			developmentRegion = en;
			hasScannedForEncodings = 0;
			knownRegions = (
				en,
				Base,
			);
			mainGroup = A8CE959329DBD458006711DB;
			productRefGroup = A8CE959D29DBD458006711DB /* Products */;
			projectDirPath = "";
			projectRoot = "";
			targets = (
				A8CE959B29DBD458006711DB /* Kattamuri_ViewController */,
				A8CE95B129DBD459006711DB /* Kattamuri_ViewControllerTests */,
				A8CE95BB29DBD459006711DB /* Kattamuri_ViewControllerUITests */,
			);
		};
/* End PBXProject section */

/* Begin PBXResourcesBuildPhase section */
		A8CE959A29DBD458006711DB /* Resources */ = {
			isa = PBXResourcesBuildPhase;
			buildActionMask = 2147483647;
			files = (
				A8CE95AC29DBD458006711DB /* LaunchScreen.storyboard in Resources */,
				A8CE95A929DBD458006711DB /* Assets.xcassets in Resources */,
				A8CE95A729DBD458006711DB /* Main.storyboard in Resources */,
			);
			runOnlyForDeploymentPostprocessing = 0;
		};
		A8CE95B029DBD459006711DB /* Resources */ = {
			isa = PBXResourcesBuildPhase;
			buildActionMask = 2147483647;
			files = (
			);
			runOnlyForDeploymentPostprocessing = 0;
		};
		A8CE95BA29DBD459006711DB /* Resources */ = {
			isa = PBXResourcesBuildPhase;
			buildActionMask = 2147483647;
			files = (
			);
			runOnlyForDeploymentPostprocessing = 0;
		};
/* End PBXResourcesBuildPhase section */

/* Begin PBXSourcesBuildPhase section */
		A8CE959829DBD458006711DB /* Sources */ = {
			isa = PBXSourcesBuildPhase;
			buildActionMask = 2147483647;
			files = (
				A84AC10529DBE0E100C4F1A7 /* LoginScreenSegueViewController.swift in Sources */,
				A8CE95A429DBD458006711DB /* HomeViewController.swift in Sources */,
				A8CE95A029DBD458006711DB /* AppDelegate.swift in Sources */,
				A8CE95A229DBD458006711DB /* SceneDelegate.swift in Sources */,
			);
			runOnlyForDeploymentPostprocessing = 0;
		};
		A8CE95AE29DBD459006711DB /* Sources */ = {
			isa = PBXSourcesBuildPhase;
			buildActionMask = 2147483647;
			files = (
				A8CE95B729DBD459006711DB /* Kattamuri_ViewControllerTests.swift in Sources */,
			);
			runOnlyForDeploymentPostprocessing = 0;
		};
		A8CE95B829DBD459006711DB /* Sources */ = {
			isa = PBXSourcesBuildPhase;
			buildActionMask = 2147483647;
			files = (
				A8CE95C329DBD459006711DB /* Kattamuri_ViewControllerUITestsLaunchTests.swift in Sources */,
				A8CE95C129DBD459006711DB /* Kattamuri_ViewControllerUITests.swift in Sources */,
			);
			runOnlyForDeploymentPostprocessing = 0;
		};
/* End PBXSourcesBuildPhase section */

/* Begin PBXTargetDependency section */
		A8CE95B429DBD459006711DB /* PBXTargetDependency */ = {
			isa = PBXTargetDependency;
			target = A8CE959B29DBD458006711DB /* Kattamuri_ViewController */;
			targetProxy = A8CE95B329DBD459006711DB /* PBXContainerItemProxy */;
		};
		A8CE95BE29DBD459006711DB /* PBXTargetDependency */ = {
			isa = PBXTargetDependency;
			target = A8CE959B29DBD458006711DB /* Kattamuri_ViewController */;
			targetProxy = A8CE95BD29DBD459006711DB /* PBXContainerItemProxy */;
		};
/* End PBXTargetDependency section */

/* Begin PBXVariantGroup section */
		A8CE95A529DBD458006711DB /* Main.storyboard */ = {
			isa = PBXVariantGroup;
			children = (
				A8CE95A629DBD458006711DB /* Base */,
			);
			name = Main.storyboard;
			sourceTree = "<group>";
		};
		A8CE95AA29DBD458006711DB /* LaunchScreen.storyboard */ = {
			isa = PBXVariantGroup;
			children = (
				A8CE95AB29DBD458006711DB /* Base */,
			);
			name = LaunchScreen.storyboard;
			sourceTree = "<group>";
		};
/* End PBXVariantGroup section */

/* Begin XCBuildConfiguration section */
		A8CE95C429DBD459006711DB /* Debug */ = {
			isa = XCBuildConfiguration;
			buildSettings = {
				ALWAYS_SEARCH_USER_PATHS = NO;
				CLANG_ANALYZER_NONNULL = YES;
				CLANG_ANALYZER_NUMBER_OBJECT_CONVERSION = YES_AGGRESSIVE;
				CLANG_CXX_LANGUAGE_STANDARD = "gnu++17";
				CLANG_ENABLE_MODULES = YES;
				CLANG_ENABLE_OBJC_ARC = YES;
				CLANG_ENABLE_OBJC_WEAK = YES;
				CLANG_WARN_BLOCK_CAPTURE_AUTORELEASING = YES;
				CLANG_WARN_BOOL_CONVERSION = YES;
				CLANG_WARN_COMMA = YES;
				CLANG_WARN_CONSTANT_CONVERSION = YES;
				CLANG_WARN_DEPRECATED_OBJC_IMPLEMENTATIONS = YES;
				CLANG_WARN_DIRECT_OBJC_ISA_USAGE = YES_ERROR;
				CLANG_WARN_DOCUMENTATION_COMMENTS = YES;
				CLANG_WARN_EMPTY_BODY = YES;
				CLANG_WARN_ENUM_CONVERSION = YES;
				CLANG_WARN_INFINITE_RECURSION = YES;
				CLANG_WARN_INT_CONVERSION = YES;
				CLANG_WARN_NON_LITERAL_NULL_CONVERSION = YES;
				CLANG_WARN_OBJC_IMPLICIT_RETAIN_SELF = YES;
				CLANG_WARN_OBJC_LITERAL_CONVERSION = YES;
				CLANG_WARN_OBJC_ROOT_CLASS = YES_ERROR;
				CLANG_WARN_QUOTED_INCLUDE_IN_FRAMEWORK_HEADER = YES;
				CLANG_WARN_RANGE_LOOP_ANALYSIS = YES;
				CLANG_WARN_STRICT_PROTOTYPES = YES;
				CLANG_WARN_SUSPICIOUS_MOVE = YES;
				CLANG_WARN_UNGUARDED_AVAILABILITY = YES_AGGRESSIVE;
				CLANG_WARN_UNREACHABLE_CODE = YES;
				CLANG_WARN__DUPLICATE_METHOD_MATCH = YES;
				COPY_PHASE_STRIP = NO;
				DEBUG_INFORMATION_FORMAT = dwarf;
				ENABLE_STRICT_OBJC_MSGSEND = YES;
				ENABLE_TESTABILITY = YES;
				GCC_C_LANGUAGE_STANDARD = gnu11;
				GCC_DYNAMIC_NO_PIC = NO;
				GCC_NO_COMMON_BLOCKS = YES;
				GCC_OPTIMIZATION_LEVEL = 0;
				GCC_PREPROCESSOR_DEFINITIONS = (
					"DEBUG=1",
					"$(inherited)",
				);
				GCC_WARN_64_TO_32_BIT_CONVERSION = YES;
				GCC_WARN_ABOUT_RETURN_TYPE = YES_ERROR;
				GCC_WARN_UNDECLARED_SELECTOR = YES;
				GCC_WARN_UNINITIALIZED_AUTOS = YES_AGGRESSIVE;
				GCC_WARN_UNUSED_FUNCTION = YES;
				GCC_WARN_UNUSED_VARIABLE = YES;
				IPHONEOS_DEPLOYMENT_TARGET = 15.5;
				MTL_ENABLE_DEBUG_INFO = INCLUDE_SOURCE;
				MTL_FAST_MATH = YES;
				ONLY_ACTIVE_ARCH = YES;
				SDKROOT = iphoneos;
				SWIFT_ACTIVE_COMPILATION_CONDITIONS = DEBUG;
				SWIFT_OPTIMIZATION_LEVEL = "-Onone";
			};
			name = Debug;
		};
		A8CE95C529DBD459006711DB /* Release */ = {
			isa = XCBuildConfiguration;
			buildSettings = {
				ALWAYS_SEARCH_USER_PATHS = NO;
				CLANG_ANALYZER_NONNULL = YES;
				CLANG_ANALYZER_NUMBER_OBJECT_CONVERSION = YES_AGGRESSIVE;
				CLANG_CXX_LANGUAGE_STANDARD = "gnu++17";
				CLANG_ENABLE_MODULES = YES;
				CLANG_ENABLE_OBJC_ARC = YES;
				CLANG_ENABLE_OBJC_WEAK = YES;
				CLANG_WARN_BLOCK_CAPTURE_AUTORELEASING = YES;
				CLANG_WARN_BOOL_CONVERSION = YES;
				CLANG_WARN_COMMA = YES;
				CLANG_WARN_CONSTANT_CONVERSION = YES;
				CLANG_WARN_DEPRECATED_OBJC_IMPLEMENTATIONS = YES;
				CLANG_WARN_DIRECT_OBJC_ISA_USAGE = YES_ERROR;
				CLANG_WARN_DOCUMENTATION_COMMENTS = YES;
				CLANG_WARN_EMPTY_BODY = YES;
				CLANG_WARN_ENUM_CONVERSION = YES;
				CLANG_WARN_INFINITE_RECURSION = YES;
				CLANG_WARN_INT_CONVERSION = YES;
				CLANG_WARN_NON_LITERAL_NULL_CONVERSION = YES;
				CLANG_WARN_OBJC_IMPLICIT_RETAIN_SELF = YES;
				CLANG_WARN_OBJC_LITERAL_CONVERSION = YES;
				CLANG_WARN_OBJC_ROOT_CLASS = YES_ERROR;
				CLANG_WARN_QUOTED_INCLUDE_IN_FRAMEWORK_HEADER = YES;
				CLANG_WARN_RANGE_LOOP_ANALYSIS = YES;
				CLANG_WARN_STRICT_PROTOTYPES = YES;
				CLANG_WARN_SUSPICIOUS_MOVE = YES;
				CLANG_WARN_UNGUARDED_AVAILABILITY = YES_AGGRESSIVE;
				CLANG_WARN_UNREACHABLE_CODE = YES;
				CLANG_WARN__DUPLICATE_METHOD_MATCH = YES;
				COPY_PHASE_STRIP = NO;
				DEBUG_INFORMATION_FORMAT = "dwarf-with-dsym";
				ENABLE_NS_ASSERTIONS = NO;
				ENABLE_STRICT_OBJC_MSGSEND = YES;
				GCC_C_LANGUAGE_STANDARD = gnu11;
				GCC_NO_COMMON_BLOCKS = YES;
				GCC_WARN_64_TO_32_BIT_CONVERSION = YES;
				GCC_WARN_ABOUT_RETURN_TYPE = YES_ERROR;
				GCC_WARN_UNDECLARED_SELECTOR = YES;
				GCC_WARN_UNINITIALIZED_AUTOS = YES_AGGRESSIVE;
				GCC_WARN_UNUSED_FUNCTION = YES;
				GCC_WARN_UNUSED_VARIABLE = YES;
				IPHONEOS_DEPLOYMENT_TARGET = 15.5;
				MTL_ENABLE_DEBUG_INFO = NO;
				MTL_FAST_MATH = YES;
				SDKROOT = iphoneos;
				SWIFT_COMPILATION_MODE = wholemodule;
				SWIFT_OPTIMIZATION_LEVEL = "-O";
				VALIDATE_PRODUCT = YES;
			};
			name = Release;
		};
		A8CE95C729DBD459006711DB /* Debug */ = {
			isa = XCBuildConfiguration;
			buildSettings = {
				ASSETCATALOG_COMPILER_APPICON_NAME = AppIcon;
				ASSETCATALOG_COMPILER_GLOBAL_ACCENT_COLOR_NAME = AccentColor;
				CODE_SIGN_STYLE = Automatic;
				CURRENT_PROJECT_VERSION = 1;
				GENERATE_INFOPLIST_FILE = YES;
				INFOPLIST_FILE = Kattamuri_ViewController/Info.plist;
				INFOPLIST_KEY_UIApplicationSupportsIndirectInputEvents = YES;
				INFOPLIST_KEY_UILaunchStoryboardName = LaunchScreen;
				INFOPLIST_KEY_UIMainStoryboardFile = Main;
				INFOPLIST_KEY_UISupportedInterfaceOrientations_iPad = "UIInterfaceOrientationPortrait UIInterfaceOrientationPortraitUpsideDown UIInterfaceOrientationLandscapeLeft UIInterfaceOrientationLandscapeRight";
				INFOPLIST_KEY_UISupportedInterfaceOrientations_iPhone = "UIInterfaceOrientationPortrait UIInterfaceOrientationLandscapeLeft UIInterfaceOrientationLandscapeRight";
				LD_RUNPATH_SEARCH_PATHS = (
					"$(inherited)",
					"@executable_path/Frameworks",
				);
				MARKETING_VERSION = 1.0;
				PRODUCT_BUNDLE_IDENTIFIER = "nwmsu.Kattamuri-ViewController";
				PRODUCT_NAME = "$(TARGET_NAME)";
				SWIFT_EMIT_LOC_STRINGS = YES;
				SWIFT_VERSION = 5.0;
				TARGETED_DEVICE_FAMILY = "1,2";
			};
			name = Debug;
		};
		A8CE95C829DBD459006711DB /* Release */ = {
			isa = XCBuildConfiguration;
			buildSettings = {
				ASSETCATALOG_COMPILER_APPICON_NAME = AppIcon;
				ASSETCATALOG_COMPILER_GLOBAL_ACCENT_COLOR_NAME = AccentColor;
				CODE_SIGN_STYLE = Automatic;
				CURRENT_PROJECT_VERSION = 1;
				GENERATE_INFOPLIST_FILE = YES;
				INFOPLIST_FILE = Kattamuri_ViewController/Info.plist;
				INFOPLIST_KEY_UIApplicationSupportsIndirectInputEvents = YES;
				INFOPLIST_KEY_UILaunchStoryboardName = LaunchScreen;
				INFOPLIST_KEY_UIMainStoryboardFile = Main;
				INFOPLIST_KEY_UISupportedInterfaceOrientations_iPad = "UIInterfaceOrientationPortrait UIInterfaceOrientationPortraitUpsideDown UIInterfaceOrientationLandscapeLeft UIInterfaceOrientationLandscapeRight";
				INFOPLIST_KEY_UISupportedInterfaceOrientations_iPhone = "UIInterfaceOrientationPortrait UIInterfaceOrientationLandscapeLeft UIInterfaceOrientationLandscapeRight";
				LD_RUNPATH_SEARCH_PATHS = (
					"$(inherited)",
					"@executable_path/Frameworks",
				);
				MARKETING_VERSION = 1.0;
				PRODUCT_BUNDLE_IDENTIFIER = "nwmsu.Kattamuri-ViewController";
				PRODUCT_NAME = "$(TARGET_NAME)";
				SWIFT_EMIT_LOC_STRINGS = YES;
				SWIFT_VERSION = 5.0;
				TARGETED_DEVICE_FAMILY = "1,2";
			};
			name = Release;
		};
		A8CE95CA29DBD459006711DB /* Debug */ = {
			isa = XCBuildConfiguration;
			buildSettings = {
				ALWAYS_EMBED_SWIFT_STANDARD_LIBRARIES = YES;
				BUNDLE_LOADER = "$(TEST_HOST)";
				CODE_SIGN_STYLE = Automatic;
				CURRENT_PROJECT_VERSION = 1;
				GENERATE_INFOPLIST_FILE = YES;
				IPHONEOS_DEPLOYMENT_TARGET = 15.5;
				MARKETING_VERSION = 1.0;
				PRODUCT_BUNDLE_IDENTIFIER = "nwmsu.Kattamuri-ViewControllerTests";
				PRODUCT_NAME = "$(TARGET_NAME)";
				SWIFT_EMIT_LOC_STRINGS = NO;
				SWIFT_VERSION = 5.0;
				TARGETED_DEVICE_FAMILY = "1,2";
				TEST_HOST = "$(BUILT_PRODUCTS_DIR)/Kattamuri_ViewController.app/Kattamuri_ViewController";
			};
			name = Debug;
		};
		A8CE95CB29DBD459006711DB /* Release */ = {
			isa = XCBuildConfiguration;
			buildSettings = {
				ALWAYS_EMBED_SWIFT_STANDARD_LIBRARIES = YES;
				BUNDLE_LOADER = "$(TEST_HOST)";
				CODE_SIGN_STYLE = Automatic;
				CURRENT_PROJECT_VERSION = 1;
				GENERATE_INFOPLIST_FILE = YES;
				IPHONEOS_DEPLOYMENT_TARGET = 15.5;
				MARKETING_VERSION = 1.0;
				PRODUCT_BUNDLE_IDENTIFIER = "nwmsu.Kattamuri-ViewControllerTests";
				PRODUCT_NAME = "$(TARGET_NAME)";
				SWIFT_EMIT_LOC_STRINGS = NO;
				SWIFT_VERSION = 5.0;
				TARGETED_DEVICE_FAMILY = "1,2";
				TEST_HOST = "$(BUILT_PRODUCTS_DIR)/Kattamuri_ViewController.app/Kattamuri_ViewController";
			};
			name = Release;
		};
		A8CE95CD29DBD459006711DB /* Debug */ = {
			isa = XCBuildConfiguration;
			buildSettings = {
				ALWAYS_EMBED_SWIFT_STANDARD_LIBRARIES = YES;
				CODE_SIGN_STYLE = Automatic;
				CURRENT_PROJECT_VERSION = 1;
				GENERATE_INFOPLIST_FILE = YES;
				MARKETING_VERSION = 1.0;
				PRODUCT_BUNDLE_IDENTIFIER = "nwmsu.Kattamuri-ViewControllerUITests";
				PRODUCT_NAME = "$(TARGET_NAME)";
				SWIFT_EMIT_LOC_STRINGS = NO;
				SWIFT_VERSION = 5.0;
				TARGETED_DEVICE_FAMILY = "1,2";
				TEST_TARGET_NAME = Kattamuri_ViewController;
			};
			name = Debug;
		};
		A8CE95CE29DBD459006711DB /* Release */ = {
			isa = XCBuildConfiguration;
			buildSettings = {
				ALWAYS_EMBED_SWIFT_STANDARD_LIBRARIES = YES;
				CODE_SIGN_STYLE = Automatic;
				CURRENT_PROJECT_VERSION = 1;
				GENERATE_INFOPLIST_FILE = YES;
				MARKETING_VERSION = 1.0;
				PRODUCT_BUNDLE_IDENTIFIER = "nwmsu.Kattamuri-ViewControllerUITests";
				PRODUCT_NAME = "$(TARGET_NAME)";
				SWIFT_EMIT_LOC_STRINGS = NO;
				SWIFT_VERSION = 5.0;
				TARGETED_DEVICE_FAMILY = "1,2";
				TEST_TARGET_NAME = Kattamuri_ViewController;
			};
			name = Release;
		};
/* End XCBuildConfiguration section */

/* Begin XCConfigurationList section */
		A8CE959729DBD458006711DB /* Build configuration list for PBXProject "Kattamuri_ViewController" */ = {
			isa = XCConfigurationList;
			buildConfigurations = (
				A8CE95C429DBD459006711DB /* Debug */,
				A8CE95C529DBD459006711DB /* Release */,
			);
			defaultConfigurationIsVisible = 0;
			defaultConfigurationName = Release;
		};
		A8CE95C629DBD459006711DB /* Build configuration list for PBXNativeTarget "Kattamuri_ViewController" */ = {
			isa = XCConfigurationList;
			buildConfigurations = (
				A8CE95C729DBD459006711DB /* Debug */,
				A8CE95C829DBD459006711DB /* Release */,
			);
			defaultConfigurationIsVisible = 0;
			defaultConfigurationName = Release;
		};
		A8CE95C929DBD459006711DB /* Build configuration list for PBXNativeTarget "Kattamuri_ViewControllerTests" */ = {
			isa = XCConfigurationList;
			buildConfigurations = (
				A8CE95CA29DBD459006711DB /* Debug */,
				A8CE95CB29DBD459006711DB /* Release */,
			);
			defaultConfigurationIsVisible = 0;
			defaultConfigurationName = Release;
		};
		A8CE95CC29DBD459006711DB /* Build configuration list for PBXNativeTarget "Kattamuri_ViewControllerUITests" */ = {
			isa = XCConfigurationList;
			buildConfigurations = (
				A8CE95CD29DBD459006711DB /* Debug */,
				A8CE95CE29DBD459006711DB /* Release */,
			);
			defaultConfigurationIsVisible = 0;
			defaultConfigurationName = Release;
		};
/* End XCConfigurationList section */
	};
	rootObject = A8CE959429DBD458006711DB /* Project object */;
}
